// !$*UTF8*$!
{
	archiveVersion = 1;
	classes = {
	};
	objectVersion = 46;
	objects = {

/* Begin PBXBuildFile section */
		424904D11FE250500086152E /* RWBaseViewController.m in Sources */ = {isa = PBXBuildFile; fileRef = 424904D01FE250500086152E /* RWBaseViewController.m */; };
		424904D61FE252B20086152E /* SampleListViewController.m in Sources */ = {isa = PBXBuildFile; fileRef = 424904D51FE252B20086152E /* SampleListViewController.m */; };
		426735A21DF50081008830DC /* main.m in Sources */ = {isa = PBXBuildFile; fileRef = 426735A11DF50081008830DC /* main.m */; };
		426735A51DF50081008830DC /* AppDelegate.m in Sources */ = {isa = PBXBuildFile; fileRef = 426735A41DF50081008830DC /* AppDelegate.m */; };
		426735AB1DF50081008830DC /* Main.storyboard in Resources */ = {isa = PBXBuildFile; fileRef = 426735A91DF50081008830DC /* Main.storyboard */; };
		426735AD1DF50081008830DC /* Assets.xcassets in Resources */ = {isa = PBXBuildFile; fileRef = 426735AC1DF50081008830DC /* Assets.xcassets */; };
		426735B01DF50081008830DC /* LaunchScreen.storyboard in Resources */ = {isa = PBXBuildFile; fileRef = 426735AE1DF50081008830DC /* LaunchScreen.storyboard */; };
		426735BB1DF50081008830DC /* iOSSizeClassesTests.m in Sources */ = {isa = PBXBuildFile; fileRef = 426735BA1DF50081008830DC /* iOSSizeClassesTests.m */; };
		426735C61DF50081008830DC /* iOSSizeClassesUITests.m in Sources */ = {isa = PBXBuildFile; fileRef = 426735C51DF50081008830DC /* iOSSizeClassesUITests.m */; };
		42AC85911FE3705200CDDB9B /* AVFoundation.framework in Frameworks */ = {isa = PBXBuildFile; fileRef = 42AC85901FE3705200CDDB9B /* AVFoundation.framework */; };
		42AC85931FE3705900CDDB9B /* CoreMedia.framework in Frameworks */ = {isa = PBXBuildFile; fileRef = 42AC85921FE3705800CDDB9B /* CoreMedia.framework */; };
		42AC85951FE3706100CDDB9B /* CoreGraphics.framework in Frameworks */ = {isa = PBXBuildFile; fileRef = 42AC85941FE3706100CDDB9B /* CoreGraphics.framework */; };
		42AC85971FE3706700CDDB9B /* CoreImage.framework in Frameworks */ = {isa = PBXBuildFile; fileRef = 42AC85961FE3706700CDDB9B /* CoreImage.framework */; };
		42AC85991FE3706F00CDDB9B /* UIKit.framework in Frameworks */ = {isa = PBXBuildFile; fileRef = 42AC85981FE3706F00CDDB9B /* UIKit.framework */; };
		76010CCA2366FA6B00057066 /* RWRACObjCViewController.m in Sources */ = {isa = PBXBuildFile; fileRef = 76010CC92366FA6B00057066 /* RWRACObjCViewController.m */; };
		7604E10322320AAB00C35620 /* RWApiManager.m in Sources */ = {isa = PBXBuildFile; fileRef = 7604E10222320AAB00C35620 /* RWApiManager.m */; };
		7604E10822324C1800C35620 /* AppUtils.m in Sources */ = {isa = PBXBuildFile; fileRef = 7604E10722324C1800C35620 /* AppUtils.m */; };
		76223A3921509AB600BB0599 /* RWHeaderView.m in Sources */ = {isa = PBXBuildFile; fileRef = 76223A3821509AB600BB0599 /* RWHeaderView.m */; };
		76223A3C2150A10D00BB0599 /* RWFooterView.m in Sources */ = {isa = PBXBuildFile; fileRef = 76223A3B2150A10D00BB0599 /* RWFooterView.m */; };
		76223A3F2150D5A300BB0599 /* RWFloatView.m in Sources */ = {isa = PBXBuildFile; fileRef = 76223A3E2150D5A300BB0599 /* RWFloatView.m */; };
		76410BE2236717C200DBBD4F /* NSObject+Private.m in Sources */ = {isa = PBXBuildFile; fileRef = 76410BE1236717C200DBBD4F /* NSObject+Private.m */; };
		76506F052372E0A700DC4F8C /* JBFStaticSample.framework in Frameworks */ = {isa = PBXBuildFile; fileRef = 76506F042372E0A700DC4F8C /* JBFStaticSample.framework */; };
		76506F072372E0D200DC4F8C /* JBFStaticSample.bundle in Resources */ = {isa = PBXBuildFile; fileRef = 76506F062372E0D200DC4F8C /* JBFStaticSample.bundle */; };
		76848B3B23605F990009E8B0 /* RWWindow.m in Sources */ = {isa = PBXBuildFile; fileRef = 76848B3A23605F990009E8B0 /* RWWindow.m */; };
		76E2FA792177344B00A3D0AB /* AppDelegate+JLRoutesRegister.m in Sources */ = {isa = PBXBuildFile; fileRef = 76E2FA782177344B00A3D0AB /* AppDelegate+JLRoutesRegister.m */; };
		8A406C6E22F9205D007669D8 /* MasUseListViewController.m in Sources */ = {isa = PBXBuildFile; fileRef = 8A406C6A22F9205D007669D8 /* MasUseListViewController.m */; };
		8A406C6F22F9205D007669D8 /* MasBasicViewController.m in Sources */ = {isa = PBXBuildFile; fileRef = 8A406C6B22F9205D007669D8 /* MasBasicViewController.m */; };
		8A406C7C22F920A1007669D8 /* UIKitUsageListViewController.m in Sources */ = {isa = PBXBuildFile; fileRef = 8A406C7122F920A1007669D8 /* UIKitUsageListViewController.m */; };
		8A406C7D22F920A1007669D8 /* RWUIScrollerViewController.m in Sources */ = {isa = PBXBuildFile; fileRef = 8A406C7522F920A1007669D8 /* RWUIScrollerViewController.m */; };
		8A406C7E22F920A1007669D8 /* RWPageView.m in Sources */ = {isa = PBXBuildFile; fileRef = 8A406C7822F920A1007669D8 /* RWPageView.m */; };
		8A406C7F22F920A1007669D8 /* RWStepTabView.m in Sources */ = {isa = PBXBuildFile; fileRef = 8A406C7922F920A1007669D8 /* RWStepTabView.m */; };
		8A406C8022F920A1007669D8 /* RWUITextFieldVC.m in Sources */ = {isa = PBXBuildFile; fileRef = 8A406C7B22F920A1007669D8 /* RWUITextFieldVC.m */; };
		8A406C8322F920BC007669D8 /* MasScrollerViewController.m in Sources */ = {isa = PBXBuildFile; fileRef = 8A406C8222F920BC007669D8 /* MasScrollerViewController.m */; };
		8A406C8722F9223E007669D8 /* ViewController.m in Sources */ = {isa = PBXBuildFile; fileRef = 8A406C8522F9223E007669D8 /* ViewController.m */; };
		8A5C8FC72303FD5F00225064 /* FlutterSampleViewController.m in Sources */ = {isa = PBXBuildFile; fileRef = 8A5C8FC62303FD5F00225064 /* FlutterSampleViewController.m */; };
		8A5C8FCB23040EDF00225064 /* AFNUsageViewController.m in Sources */ = {isa = PBXBuildFile; fileRef = 8A5C8FCA23040EDF00225064 /* AFNUsageViewController.m */; };
		8A5C8FCE2304168100225064 /* FlutterRouter.m in Sources */ = {isa = PBXBuildFile; fileRef = 8A5C8FCD2304168100225064 /* FlutterRouter.m */; };
		8A90D4732359B769001DB704 /* RWView.m in Sources */ = {isa = PBXBuildFile; fileRef = 8A90D4722359B769001DB704 /* RWView.m */; };
		8A90D4762359B78C001DB704 /* RWLayer.m in Sources */ = {isa = PBXBuildFile; fileRef = 8A90D4752359B78C001DB704 /* RWLayer.m */; };
		8A9DD68D228185BE006FEC6E /* RWAutoDictionary.m in Sources */ = {isa = PBXBuildFile; fileRef = 8A9DD68C228185BE006FEC6E /* RWAutoDictionary.m */; };
		8AC7BFA424248E1000179441 /* DownloadViewController.m in Sources */ = {isa = PBXBuildFile; fileRef = 8AC7BFA324248E1000179441 /* DownloadViewController.m */; };
		8AC7BFA72424A7CD00179441 /* DownloadNSDataViewController.m in Sources */ = {isa = PBXBuildFile; fileRef = 8AC7BFA62424A7CD00179441 /* DownloadNSDataViewController.m */; };
		8AC7BFA92424AC4200179441 /* CFNetwork.framework in Frameworks */ = {isa = PBXBuildFile; fileRef = 8AC7BFA82424AC4200179441 /* CFNetwork.framework */; };
		8AC7BFAC2424B30300179441 /* DownloadNSURLConnectionVC.m in Sources */ = {isa = PBXBuildFile; fileRef = 8AC7BFAB2424B30300179441 /* DownloadNSURLConnectionVC.m */; };
		8AC7BFAF2424B85A00179441 /* DownloadNSURLConnectionBigFileVC.m in Sources */ = {isa = PBXBuildFile; fileRef = 8AC7BFAE2424B85A00179441 /* DownloadNSURLConnectionBigFileVC.m */; };
		8AE382F222FBFDB4005D6FDB /* MasFrameViewController.m in Sources */ = {isa = PBXBuildFile; fileRef = 8AE382F122FBFDB4005D6FDB /* MasFrameViewController.m */; };
		8AE382F522FD60EB005D6FDB /* RWXibViewController.m in Sources */ = {isa = PBXBuildFile; fileRef = 8AE382F422FD60EB005D6FDB /* RWXibViewController.m */; };
		8AE382F822FD62D5005D6FDB /* RWUIKitTableHeader.m in Sources */ = {isa = PBXBuildFile; fileRef = 8AE382F722FD62D5005D6FDB /* RWUIKitTableHeader.m */; };
		8AE382FA22FD62E0005D6FDB /* RWUIKitTableHeader.xib in Resources */ = {isa = PBXBuildFile; fileRef = 8AE382F922FD62E0005D6FDB /* RWUIKitTableHeader.xib */; };
		8AF32E9B22438307002A76BD /* RWUsageListViewController.m in Sources */ = {isa = PBXBuildFile; fileRef = 8AF32E9A22438307002A76BD /* RWUsageListViewController.m */; };
		ED4AFC42E801E2BE9684E1C7 /* libPods-iOSSizeClasses.a in Frameworks */ = {isa = PBXBuildFile; fileRef = 5C99FAFA44A2C1915FA0A28E /* libPods-iOSSizeClasses.a */; };
/* End PBXBuildFile section */

/* Begin PBXContainerItemProxy section */
		426735B71DF50081008830DC /* PBXContainerItemProxy */ = {
			isa = PBXContainerItemProxy;
			containerPortal = 426735951DF50081008830DC /* Project object */;
			proxyType = 1;
			remoteGlobalIDString = 4267359C1DF50081008830DC;
			remoteInfo = iOSSizeClasses;
		};
		426735C21DF50081008830DC /* PBXContainerItemProxy */ = {
			isa = PBXContainerItemProxy;
			containerPortal = 426735951DF50081008830DC /* Project object */;
			proxyType = 1;
			remoteGlobalIDString = 4267359C1DF50081008830DC;
			remoteInfo = iOSSizeClasses;
		};
/* End PBXContainerItemProxy section */

/* Begin PBXFileReference section */
		424904CE1FE24D120086152E /* PrefixHeader.pch */ = {isa = PBXFileReference; lastKnownFileType = sourcecode.c.h; path = PrefixHeader.pch; sourceTree = "<group>"; };
		424904CF1FE250500086152E /* RWBaseViewController.h */ = {isa = PBXFileReference; lastKnownFileType = sourcecode.c.h; path = RWBaseViewController.h; sourceTree = "<group>"; };
		424904D01FE250500086152E /* RWBaseViewController.m */ = {isa = PBXFileReference; lastKnownFileType = sourcecode.c.objc; path = RWBaseViewController.m; sourceTree = "<group>"; };
		424904D41FE252B20086152E /* SampleListViewController.h */ = {isa = PBXFileReference; lastKnownFileType = sourcecode.c.h; path = SampleListViewController.h; sourceTree = "<group>"; };
		424904D51FE252B20086152E /* SampleListViewController.m */ = {isa = PBXFileReference; lastKnownFileType = sourcecode.c.objc; path = SampleListViewController.m; sourceTree = "<group>"; };
		4267359D1DF50081008830DC /* iOSSizeClasses.app */ = {isa = PBXFileReference; explicitFileType = wrapper.application; includeInIndex = 0; path = iOSSizeClasses.app; sourceTree = BUILT_PRODUCTS_DIR; };
		426735A11DF50081008830DC /* main.m */ = {isa = PBXFileReference; lastKnownFileType = sourcecode.c.objc; path = main.m; sourceTree = "<group>"; };
		426735A31DF50081008830DC /* AppDelegate.h */ = {isa = PBXFileReference; lastKnownFileType = sourcecode.c.h; path = AppDelegate.h; sourceTree = "<group>"; };
		426735A41DF50081008830DC /* AppDelegate.m */ = {isa = PBXFileReference; lastKnownFileType = sourcecode.c.objc; path = AppDelegate.m; sourceTree = "<group>"; };
		426735AA1DF50081008830DC /* Base */ = {isa = PBXFileReference; lastKnownFileType = file.storyboard; name = Base; path = Base.lproj/Main.storyboard; sourceTree = "<group>"; };
		426735AC1DF50081008830DC /* Assets.xcassets */ = {isa = PBXFileReference; lastKnownFileType = folder.assetcatalog; path = Assets.xcassets; sourceTree = "<group>"; };
		426735AF1DF50081008830DC /* Base */ = {isa = PBXFileReference; lastKnownFileType = file.storyboard; name = Base; path = Base.lproj/LaunchScreen.storyboard; sourceTree = "<group>"; };
		426735B11DF50081008830DC /* Info.plist */ = {isa = PBXFileReference; lastKnownFileType = text.plist.xml; path = Info.plist; sourceTree = "<group>"; };
		426735B61DF50081008830DC /* iOSSizeClassesTests.xctest */ = {isa = PBXFileReference; explicitFileType = wrapper.cfbundle; includeInIndex = 0; path = iOSSizeClassesTests.xctest; sourceTree = BUILT_PRODUCTS_DIR; };
		426735BA1DF50081008830DC /* iOSSizeClassesTests.m */ = {isa = PBXFileReference; lastKnownFileType = sourcecode.c.objc; path = iOSSizeClassesTests.m; sourceTree = "<group>"; };
		426735BC1DF50081008830DC /* Info.plist */ = {isa = PBXFileReference; lastKnownFileType = text.plist.xml; path = Info.plist; sourceTree = "<group>"; };
		426735C11DF50081008830DC /* iOSSizeClassesUITests.xctest */ = {isa = PBXFileReference; explicitFileType = wrapper.cfbundle; includeInIndex = 0; path = iOSSizeClassesUITests.xctest; sourceTree = BUILT_PRODUCTS_DIR; };
		426735C51DF50081008830DC /* iOSSizeClassesUITests.m */ = {isa = PBXFileReference; lastKnownFileType = sourcecode.c.objc; path = iOSSizeClassesUITests.m; sourceTree = "<group>"; };
		426735C71DF50081008830DC /* Info.plist */ = {isa = PBXFileReference; lastKnownFileType = text.plist.xml; path = Info.plist; sourceTree = "<group>"; };
		42AC85901FE3705200CDDB9B /* AVFoundation.framework */ = {isa = PBXFileReference; lastKnownFileType = wrapper.framework; name = AVFoundation.framework; path = System/Library/Frameworks/AVFoundation.framework; sourceTree = SDKROOT; };
		42AC85921FE3705800CDDB9B /* CoreMedia.framework */ = {isa = PBXFileReference; lastKnownFileType = wrapper.framework; name = CoreMedia.framework; path = System/Library/Frameworks/CoreMedia.framework; sourceTree = SDKROOT; };
		42AC85941FE3706100CDDB9B /* CoreGraphics.framework */ = {isa = PBXFileReference; lastKnownFileType = wrapper.framework; name = CoreGraphics.framework; path = System/Library/Frameworks/CoreGraphics.framework; sourceTree = SDKROOT; };
		42AC85961FE3706700CDDB9B /* CoreImage.framework */ = {isa = PBXFileReference; lastKnownFileType = wrapper.framework; name = CoreImage.framework; path = System/Library/Frameworks/CoreImage.framework; sourceTree = SDKROOT; };
		42AC85981FE3706F00CDDB9B /* UIKit.framework */ = {isa = PBXFileReference; lastKnownFileType = wrapper.framework; name = UIKit.framework; path = System/Library/Frameworks/UIKit.framework; sourceTree = SDKROOT; };
		5C99FAFA44A2C1915FA0A28E /* libPods-iOSSizeClasses.a */ = {isa = PBXFileReference; explicitFileType = archive.ar; includeInIndex = 0; path = "libPods-iOSSizeClasses.a"; sourceTree = BUILT_PRODUCTS_DIR; };
		76010CC82366FA6B00057066 /* RWRACObjCViewController.h */ = {isa = PBXFileReference; lastKnownFileType = sourcecode.c.h; path = RWRACObjCViewController.h; sourceTree = "<group>"; };
		76010CC92366FA6B00057066 /* RWRACObjCViewController.m */ = {isa = PBXFileReference; lastKnownFileType = sourcecode.c.objc; path = RWRACObjCViewController.m; sourceTree = "<group>"; };
		7604E10122320AAB00C35620 /* RWApiManager.h */ = {isa = PBXFileReference; lastKnownFileType = sourcecode.c.h; path = RWApiManager.h; sourceTree = "<group>"; };
		7604E10222320AAB00C35620 /* RWApiManager.m */ = {isa = PBXFileReference; lastKnownFileType = sourcecode.c.objc; path = RWApiManager.m; sourceTree = "<group>"; };
		7604E10422320E2200C35620 /* RWApiPrivateProtocol.h */ = {isa = PBXFileReference; lastKnownFileType = sourcecode.c.h; path = RWApiPrivateProtocol.h; sourceTree = "<group>"; };
		7604E10622324C1800C35620 /* AppUtils.h */ = {isa = PBXFileReference; lastKnownFileType = sourcecode.c.h; path = AppUtils.h; sourceTree = "<group>"; };
		7604E10722324C1800C35620 /* AppUtils.m */ = {isa = PBXFileReference; lastKnownFileType = sourcecode.c.objc; path = AppUtils.m; sourceTree = "<group>"; };
		76223A3721509AB600BB0599 /* RWHeaderView.h */ = {isa = PBXFileReference; lastKnownFileType = sourcecode.c.h; path = RWHeaderView.h; sourceTree = "<group>"; };
		76223A3821509AB600BB0599 /* RWHeaderView.m */ = {isa = PBXFileReference; lastKnownFileType = sourcecode.c.objc; path = RWHeaderView.m; sourceTree = "<group>"; };
		76223A3A2150A10D00BB0599 /* RWFooterView.h */ = {isa = PBXFileReference; lastKnownFileType = sourcecode.c.h; path = RWFooterView.h; sourceTree = "<group>"; };
		76223A3B2150A10D00BB0599 /* RWFooterView.m */ = {isa = PBXFileReference; lastKnownFileType = sourcecode.c.objc; path = RWFooterView.m; sourceTree = "<group>"; };
		76223A3D2150D5A300BB0599 /* RWFloatView.h */ = {isa = PBXFileReference; lastKnownFileType = sourcecode.c.h; path = RWFloatView.h; sourceTree = "<group>"; };
		76223A3E2150D5A300BB0599 /* RWFloatView.m */ = {isa = PBXFileReference; lastKnownFileType = sourcecode.c.objc; path = RWFloatView.m; sourceTree = "<group>"; };
		76223A402150DD5C00BB0599 /* RWCommonMacro.h */ = {isa = PBXFileReference; lastKnownFileType = sourcecode.c.h; path = RWCommonMacro.h; sourceTree = "<group>"; };
		76410BE0236717C200DBBD4F /* NSObject+Private.h */ = {isa = PBXFileReference; lastKnownFileType = sourcecode.c.h; path = "NSObject+Private.h"; sourceTree = "<group>"; };
		76410BE1236717C200DBBD4F /* NSObject+Private.m */ = {isa = PBXFileReference; lastKnownFileType = sourcecode.c.objc; path = "NSObject+Private.m"; sourceTree = "<group>"; };
		76506F042372E0A700DC4F8C /* JBFStaticSample.framework */ = {isa = PBXFileReference; lastKnownFileType = wrapper.framework; path = JBFStaticSample.framework; sourceTree = "<group>"; };
		76506F062372E0D200DC4F8C /* JBFStaticSample.bundle */ = {isa = PBXFileReference; lastKnownFileType = "wrapper.plug-in"; path = JBFStaticSample.bundle; sourceTree = "<group>"; };
		76848B3923605F990009E8B0 /* RWWindow.h */ = {isa = PBXFileReference; lastKnownFileType = sourcecode.c.h; path = RWWindow.h; sourceTree = "<group>"; };
		76848B3A23605F990009E8B0 /* RWWindow.m */ = {isa = PBXFileReference; lastKnownFileType = sourcecode.c.objc; path = RWWindow.m; sourceTree = "<group>"; };
		76E2FA772177344B00A3D0AB /* AppDelegate+JLRoutesRegister.h */ = {isa = PBXFileReference; lastKnownFileType = sourcecode.c.h; path = "AppDelegate+JLRoutesRegister.h"; sourceTree = "<group>"; };
		76E2FA782177344B00A3D0AB /* AppDelegate+JLRoutesRegister.m */ = {isa = PBXFileReference; lastKnownFileType = sourcecode.c.objc; path = "AppDelegate+JLRoutesRegister.m"; sourceTree = "<group>"; };
		8A406C6A22F9205D007669D8 /* MasUseListViewController.m */ = {isa = PBXFileReference; fileEncoding = 4; lastKnownFileType = sourcecode.c.objc; path = MasUseListViewController.m; sourceTree = "<group>"; };
		8A406C6B22F9205D007669D8 /* MasBasicViewController.m */ = {isa = PBXFileReference; fileEncoding = 4; lastKnownFileType = sourcecode.c.objc; path = MasBasicViewController.m; sourceTree = "<group>"; };
		8A406C6C22F9205D007669D8 /* MasBasicViewController.h */ = {isa = PBXFileReference; fileEncoding = 4; lastKnownFileType = sourcecode.c.h; path = MasBasicViewController.h; sourceTree = "<group>"; };
		8A406C6D22F9205D007669D8 /* MasUseListViewController.h */ = {isa = PBXFileReference; fileEncoding = 4; lastKnownFileType = sourcecode.c.h; path = MasUseListViewController.h; sourceTree = "<group>"; };
		8A406C7122F920A1007669D8 /* UIKitUsageListViewController.m */ = {isa = PBXFileReference; fileEncoding = 4; lastKnownFileType = sourcecode.c.objc; path = UIKitUsageListViewController.m; sourceTree = "<group>"; };
		8A406C7222F920A1007669D8 /* RWUIScrollerViewController.h */ = {isa = PBXFileReference; fileEncoding = 4; lastKnownFileType = sourcecode.c.h; path = RWUIScrollerViewController.h; sourceTree = "<group>"; };
		8A406C7322F920A1007669D8 /* RWUITextFieldVC.h */ = {isa = PBXFileReference; fileEncoding = 4; lastKnownFileType = sourcecode.c.h; path = RWUITextFieldVC.h; sourceTree = "<group>"; };
		8A406C7422F920A1007669D8 /* UIKitUsageListViewController.h */ = {isa = PBXFileReference; fileEncoding = 4; lastKnownFileType = sourcecode.c.h; path = UIKitUsageListViewController.h; sourceTree = "<group>"; };
		8A406C7522F920A1007669D8 /* RWUIScrollerViewController.m */ = {isa = PBXFileReference; fileEncoding = 4; lastKnownFileType = sourcecode.c.objc; path = RWUIScrollerViewController.m; sourceTree = "<group>"; };
		8A406C7722F920A1007669D8 /* RWStepTabView.h */ = {isa = PBXFileReference; fileEncoding = 4; lastKnownFileType = sourcecode.c.h; path = RWStepTabView.h; sourceTree = "<group>"; };
		8A406C7822F920A1007669D8 /* RWPageView.m */ = {isa = PBXFileReference; fileEncoding = 4; lastKnownFileType = sourcecode.c.objc; path = RWPageView.m; sourceTree = "<group>"; };
		8A406C7922F920A1007669D8 /* RWStepTabView.m */ = {isa = PBXFileReference; fileEncoding = 4; lastKnownFileType = sourcecode.c.objc; path = RWStepTabView.m; sourceTree = "<group>"; };
		8A406C7A22F920A1007669D8 /* RWPageView.h */ = {isa = PBXFileReference; fileEncoding = 4; lastKnownFileType = sourcecode.c.h; path = RWPageView.h; sourceTree = "<group>"; };
		8A406C7B22F920A1007669D8 /* RWUITextFieldVC.m */ = {isa = PBXFileReference; fileEncoding = 4; lastKnownFileType = sourcecode.c.objc; path = RWUITextFieldVC.m; sourceTree = "<group>"; };
		8A406C8122F920BC007669D8 /* MasScrollerViewController.h */ = {isa = PBXFileReference; lastKnownFileType = sourcecode.c.h; path = MasScrollerViewController.h; sourceTree = "<group>"; };
		8A406C8222F920BC007669D8 /* MasScrollerViewController.m */ = {isa = PBXFileReference; lastKnownFileType = sourcecode.c.objc; path = MasScrollerViewController.m; sourceTree = "<group>"; };
		8A406C8522F9223E007669D8 /* ViewController.m */ = {isa = PBXFileReference; fileEncoding = 4; lastKnownFileType = sourcecode.c.objc; path = ViewController.m; sourceTree = "<group>"; };
		8A406C8622F9223E007669D8 /* ViewController.h */ = {isa = PBXFileReference; fileEncoding = 4; lastKnownFileType = sourcecode.c.h; path = ViewController.h; sourceTree = "<group>"; };
		8A5C8FC52303FD5F00225064 /* FlutterSampleViewController.h */ = {isa = PBXFileReference; lastKnownFileType = sourcecode.c.h; path = FlutterSampleViewController.h; sourceTree = "<group>"; };
		8A5C8FC62303FD5F00225064 /* FlutterSampleViewController.m */ = {isa = PBXFileReference; lastKnownFileType = sourcecode.c.objc; path = FlutterSampleViewController.m; sourceTree = "<group>"; };
		8A5C8FC923040EDF00225064 /* AFNUsageViewController.h */ = {isa = PBXFileReference; lastKnownFileType = sourcecode.c.h; path = AFNUsageViewController.h; sourceTree = "<group>"; };
		8A5C8FCA23040EDF00225064 /* AFNUsageViewController.m */ = {isa = PBXFileReference; lastKnownFileType = sourcecode.c.objc; path = AFNUsageViewController.m; sourceTree = "<group>"; };
		8A5C8FCC2304168100225064 /* FlutterRouter.h */ = {isa = PBXFileReference; lastKnownFileType = sourcecode.c.h; path = FlutterRouter.h; sourceTree = "<group>"; };
		8A5C8FCD2304168100225064 /* FlutterRouter.m */ = {isa = PBXFileReference; lastKnownFileType = sourcecode.c.objc; path = FlutterRouter.m; sourceTree = "<group>"; };
		8A90D4712359B769001DB704 /* RWView.h */ = {isa = PBXFileReference; lastKnownFileType = sourcecode.c.h; path = RWView.h; sourceTree = "<group>"; };
		8A90D4722359B769001DB704 /* RWView.m */ = {isa = PBXFileReference; lastKnownFileType = sourcecode.c.objc; path = RWView.m; sourceTree = "<group>"; };
		8A90D4742359B78C001DB704 /* RWLayer.h */ = {isa = PBXFileReference; lastKnownFileType = sourcecode.c.h; path = RWLayer.h; sourceTree = "<group>"; };
		8A90D4752359B78C001DB704 /* RWLayer.m */ = {isa = PBXFileReference; lastKnownFileType = sourcecode.c.objc; path = RWLayer.m; sourceTree = "<group>"; };
		8A9DD68B228185BE006FEC6E /* RWAutoDictionary.h */ = {isa = PBXFileReference; lastKnownFileType = sourcecode.c.h; path = RWAutoDictionary.h; sourceTree = "<group>"; };
		8A9DD68C228185BE006FEC6E /* RWAutoDictionary.m */ = {isa = PBXFileReference; lastKnownFileType = sourcecode.c.objc; path = RWAutoDictionary.m; sourceTree = "<group>"; };
		8AC7BFA224248E1000179441 /* DownloadViewController.h */ = {isa = PBXFileReference; lastKnownFileType = sourcecode.c.h; path = DownloadViewController.h; sourceTree = "<group>"; };
		8AC7BFA324248E1000179441 /* DownloadViewController.m */ = {isa = PBXFileReference; lastKnownFileType = sourcecode.c.objc; path = DownloadViewController.m; sourceTree = "<group>"; };
		8AC7BFA52424A7CD00179441 /* DownloadNSDataViewController.h */ = {isa = PBXFileReference; lastKnownFileType = sourcecode.c.h; path = DownloadNSDataViewController.h; sourceTree = "<group>"; };
		8AC7BFA62424A7CD00179441 /* DownloadNSDataViewController.m */ = {isa = PBXFileReference; lastKnownFileType = sourcecode.c.objc; path = DownloadNSDataViewController.m; sourceTree = "<group>"; };
		8AC7BFA82424AC4200179441 /* CFNetwork.framework */ = {isa = PBXFileReference; lastKnownFileType = wrapper.framework; name = CFNetwork.framework; path = System/Library/Frameworks/CFNetwork.framework; sourceTree = SDKROOT; };
		8AC7BFAA2424B30300179441 /* DownloadNSURLConnectionVC.h */ = {isa = PBXFileReference; lastKnownFileType = sourcecode.c.h; path = DownloadNSURLConnectionVC.h; sourceTree = "<group>"; };
		8AC7BFAB2424B30300179441 /* DownloadNSURLConnectionVC.m */ = {isa = PBXFileReference; lastKnownFileType = sourcecode.c.objc; path = DownloadNSURLConnectionVC.m; sourceTree = "<group>"; };
		8AC7BFAD2424B85A00179441 /* DownloadNSURLConnectionBigFileVC.h */ = {isa = PBXFileReference; lastKnownFileType = sourcecode.c.h; path = DownloadNSURLConnectionBigFileVC.h; sourceTree = "<group>"; };
		8AC7BFAE2424B85A00179441 /* DownloadNSURLConnectionBigFileVC.m */ = {isa = PBXFileReference; lastKnownFileType = sourcecode.c.objc; path = DownloadNSURLConnectionBigFileVC.m; sourceTree = "<group>"; };
		8AE382F022FBFDB4005D6FDB /* MasFrameViewController.h */ = {isa = PBXFileReference; lastKnownFileType = sourcecode.c.h; path = MasFrameViewController.h; sourceTree = "<group>"; };
		8AE382F122FBFDB4005D6FDB /* MasFrameViewController.m */ = {isa = PBXFileReference; lastKnownFileType = sourcecode.c.objc; path = MasFrameViewController.m; sourceTree = "<group>"; };
		8AE382F322FD60EB005D6FDB /* RWXibViewController.h */ = {isa = PBXFileReference; lastKnownFileType = sourcecode.c.h; path = RWXibViewController.h; sourceTree = "<group>"; };
		8AE382F422FD60EB005D6FDB /* RWXibViewController.m */ = {isa = PBXFileReference; lastKnownFileType = sourcecode.c.objc; path = RWXibViewController.m; sourceTree = "<group>"; };
		8AE382F622FD62D5005D6FDB /* RWUIKitTableHeader.h */ = {isa = PBXFileReference; lastKnownFileType = sourcecode.c.h; path = RWUIKitTableHeader.h; sourceTree = "<group>"; };
		8AE382F722FD62D5005D6FDB /* RWUIKitTableHeader.m */ = {isa = PBXFileReference; lastKnownFileType = sourcecode.c.objc; path = RWUIKitTableHeader.m; sourceTree = "<group>"; };
		8AE382F922FD62E0005D6FDB /* RWUIKitTableHeader.xib */ = {isa = PBXFileReference; lastKnownFileType = file.xib; path = RWUIKitTableHeader.xib; sourceTree = "<group>"; };
		8AF32E9922438307002A76BD /* RWUsageListViewController.h */ = {isa = PBXFileReference; lastKnownFileType = sourcecode.c.h; path = RWUsageListViewController.h; sourceTree = "<group>"; };
		8AF32E9A22438307002A76BD /* RWUsageListViewController.m */ = {isa = PBXFileReference; lastKnownFileType = sourcecode.c.objc; path = RWUsageListViewController.m; sourceTree = "<group>"; };
		A4C876E5217F46E6E47639C5 /* Pods-iOSSizeClasses.debug.xcconfig */ = {isa = PBXFileReference; includeInIndex = 1; lastKnownFileType = text.xcconfig; name = "Pods-iOSSizeClasses.debug.xcconfig"; path = "Pods/Target Support Files/Pods-iOSSizeClasses/Pods-iOSSizeClasses.debug.xcconfig"; sourceTree = "<group>"; };
		D49C2D767A4ED4585B579A84 /* Pods-iOSSizeClasses.release.xcconfig */ = {isa = PBXFileReference; includeInIndex = 1; lastKnownFileType = text.xcconfig; name = "Pods-iOSSizeClasses.release.xcconfig"; path = "Pods/Target Support Files/Pods-iOSSizeClasses/Pods-iOSSizeClasses.release.xcconfig"; sourceTree = "<group>"; };
/* End PBXFileReference section */

/* Begin PBXFrameworksBuildPhase section */
		4267359A1DF50081008830DC /* Frameworks */ = {
			isa = PBXFrameworksBuildPhase;
			buildActionMask = 2147483647;
			files = (
				76506F052372E0A700DC4F8C /* JBFStaticSample.framework in Frameworks */,
				42AC85991FE3706F00CDDB9B /* UIKit.framework in Frameworks */,
				8AC7BFA92424AC4200179441 /* CFNetwork.framework in Frameworks */,
				42AC85971FE3706700CDDB9B /* CoreImage.framework in Frameworks */,
				42AC85951FE3706100CDDB9B /* CoreGraphics.framework in Frameworks */,
				42AC85931FE3705900CDDB9B /* CoreMedia.framework in Frameworks */,
				42AC85911FE3705200CDDB9B /* AVFoundation.framework in Frameworks */,
				ED4AFC42E801E2BE9684E1C7 /* libPods-iOSSizeClasses.a in Frameworks */,
			);
			runOnlyForDeploymentPostprocessing = 0;
		};
		426735B31DF50081008830DC /* Frameworks */ = {
			isa = PBXFrameworksBuildPhase;
			buildActionMask = 2147483647;
			files = (
			);
			runOnlyForDeploymentPostprocessing = 0;
		};
		426735BE1DF50081008830DC /* Frameworks */ = {
			isa = PBXFrameworksBuildPhase;
			buildActionMask = 2147483647;
			files = (
			);
			runOnlyForDeploymentPostprocessing = 0;
		};
/* End PBXFrameworksBuildPhase section */

/* Begin PBXGroup section */
		426735941DF50081008830DC = {
			isa = PBXGroup;
			children = (
				4267359F1DF50081008830DC /* iOSSizeClasses */,
				426735B91DF50081008830DC /* iOSSizeClassesTests */,
				426735C41DF50081008830DC /* iOSSizeClassesUITests */,
				4267359E1DF50081008830DC /* Products */,
				F557560B459FBEA4CEA81D6F /* Pods */,
				A3177101585B3BA3CE985E49 /* Frameworks */,
			);
			sourceTree = "<group>";
		};
		4267359E1DF50081008830DC /* Products */ = {
			isa = PBXGroup;
			children = (
				4267359D1DF50081008830DC /* iOSSizeClasses.app */,
				426735B61DF50081008830DC /* iOSSizeClassesTests.xctest */,
				426735C11DF50081008830DC /* iOSSizeClassesUITests.xctest */,
			);
			name = Products;
			sourceTree = "<group>";
		};
		4267359F1DF50081008830DC /* iOSSizeClasses */ = {
			isa = PBXGroup;
			children = (
				426735A31DF50081008830DC /* AppDelegate.h */,
				426735A41DF50081008830DC /* AppDelegate.m */,
				426735AC1DF50081008830DC /* Assets.xcassets */,
				76E2FA7E2177382C00A3D0AB /* BaseViewController */,
				7604E10022320A4500C35620 /* Block */,
				76E2FA762177342F00A3D0AB /* Category */,
				76223A3621509A7200BB0599 /* Entry */,
				8AA2DDFF2359A67C00DB3EF4 /* Extend */,
				8AF32E9722438283002A76BD /* Function */,
				426735B11DF50081008830DC /* Info.plist */,
				426735AE1DF50081008830DC /* LaunchScreen.storyboard */,
				426735A91DF50081008830DC /* Main.storyboard */,
				76C21B9A2293A71C000DDC7A /* Manager */,
				76506F082372E22700DC4F8C /* Resources */,
				426735A01DF50081008830DC /* Supporting Files */,
				76848B3823605F090009E8B0 /* UIResponder&UIEvent */,
				7604E10522324BF600C35620 /* Utils */,
				76506ED92372A6C600DC4F8C /* Vendor */,
			);
			path = iOSSizeClasses;
			sourceTree = "<group>";
		};
		426735A01DF50081008830DC /* Supporting Files */ = {
			isa = PBXGroup;
			children = (
				424904CE1FE24D120086152E /* PrefixHeader.pch */,
				426735A11DF50081008830DC /* main.m */,
				76223A402150DD5C00BB0599 /* RWCommonMacro.h */,
			);
			name = "Supporting Files";
			sourceTree = "<group>";
		};
		426735B91DF50081008830DC /* iOSSizeClassesTests */ = {
			isa = PBXGroup;
			children = (
				426735BA1DF50081008830DC /* iOSSizeClassesTests.m */,
				426735BC1DF50081008830DC /* Info.plist */,
			);
			path = iOSSizeClassesTests;
			sourceTree = "<group>";
		};
		426735C41DF50081008830DC /* iOSSizeClassesUITests */ = {
			isa = PBXGroup;
			children = (
				426735C51DF50081008830DC /* iOSSizeClassesUITests.m */,
				426735C71DF50081008830DC /* Info.plist */,
			);
			path = iOSSizeClassesUITests;
			sourceTree = "<group>";
		};
		76010CC72366F9CE00057066 /* RACObjCUsage */ = {
			isa = PBXGroup;
			children = (
				76010CC82366FA6B00057066 /* RWRACObjCViewController.h */,
				76010CC92366FA6B00057066 /* RWRACObjCViewController.m */,
			);
			path = RACObjCUsage;
			sourceTree = "<group>";
		};
		7604E10022320A4500C35620 /* Block */ = {
			isa = PBXGroup;
			children = (
				7604E10122320AAB00C35620 /* RWApiManager.h */,
				7604E10222320AAB00C35620 /* RWApiManager.m */,
				7604E10422320E2200C35620 /* RWApiPrivateProtocol.h */,
			);
			path = Block;
			sourceTree = "<group>";
		};
		7604E10522324BF600C35620 /* Utils */ = {
			isa = PBXGroup;
			children = (
				7604E10622324C1800C35620 /* AppUtils.h */,
				7604E10722324C1800C35620 /* AppUtils.m */,
			);
			path = Utils;
			sourceTree = "<group>";
		};
		76223A3621509A7200BB0599 /* Entry */ = {
			isa = PBXGroup;
			children = (
				424904D41FE252B20086152E /* SampleListViewController.h */,
				424904D51FE252B20086152E /* SampleListViewController.m */,
				76223A3721509AB600BB0599 /* RWHeaderView.h */,
				76223A3821509AB600BB0599 /* RWHeaderView.m */,
				76223A3A2150A10D00BB0599 /* RWFooterView.h */,
				76223A3B2150A10D00BB0599 /* RWFooterView.m */,
				76223A3D2150D5A300BB0599 /* RWFloatView.h */,
				76223A3E2150D5A300BB0599 /* RWFloatView.m */,
			);
			path = Entry;
			sourceTree = "<group>";
		};
		76506ED92372A6C600DC4F8C /* Vendor */ = {
			isa = PBXGroup;
			children = (
				76506F042372E0A700DC4F8C /* JBFStaticSample.framework */,
			);
			path = Vendor;
			sourceTree = "<group>";
		};
		76506F082372E22700DC4F8C /* Resources */ = {
			isa = PBXGroup;
			children = (
				76506F062372E0D200DC4F8C /* JBFStaticSample.bundle */,
			);
			path = Resources;
			sourceTree = "<group>";
		};
		76848B3823605F090009E8B0 /* UIResponder&UIEvent */ = {
			isa = PBXGroup;
			children = (
			);
			path = "UIResponder&UIEvent";
			sourceTree = "<group>";
		};
		76C21B9A2293A71C000DDC7A /* Manager */ = {
			isa = PBXGroup;
			children = (
			);
			path = Manager;
			sourceTree = "<group>";
		};
		76E2FA762177342F00A3D0AB /* Category */ = {
			isa = PBXGroup;
			children = (
				76E2FA772177344B00A3D0AB /* AppDelegate+JLRoutesRegister.h */,
				76E2FA782177344B00A3D0AB /* AppDelegate+JLRoutesRegister.m */,
			);
			path = Category;
			sourceTree = "<group>";
		};
		76E2FA7B2177379A00A3D0AB /* MasonryUsage */ = {
			isa = PBXGroup;
			children = (
				8A406C6C22F9205D007669D8 /* MasBasicViewController.h */,
				8A406C6B22F9205D007669D8 /* MasBasicViewController.m */,
				8A406C6D22F9205D007669D8 /* MasUseListViewController.h */,
				8A406C6A22F9205D007669D8 /* MasUseListViewController.m */,
				8A406C8122F920BC007669D8 /* MasScrollerViewController.h */,
				8A406C8222F920BC007669D8 /* MasScrollerViewController.m */,
				8AE382F022FBFDB4005D6FDB /* MasFrameViewController.h */,
				8AE382F122FBFDB4005D6FDB /* MasFrameViewController.m */,
			);
			path = MasonryUsage;
			sourceTree = "<group>";
		};
		76E2FA7E2177382C00A3D0AB /* BaseViewController */ = {
			isa = PBXGroup;
			children = (
				424904CF1FE250500086152E /* RWBaseViewController.h */,
				424904D01FE250500086152E /* RWBaseViewController.m */,
				8AF32E9922438307002A76BD /* RWUsageListViewController.h */,
				8AF32E9A22438307002A76BD /* RWUsageListViewController.m */,
			);
			path = BaseViewController;
			sourceTree = "<group>";
		};
		8A406C7022F920A1007669D8 /* UIKitUsage */ = {
			isa = PBXGroup;
			children = (
				8A406C7222F920A1007669D8 /* RWUIScrollerViewController.h */,
				8A406C7522F920A1007669D8 /* RWUIScrollerViewController.m */,
				8A406C7322F920A1007669D8 /* RWUITextFieldVC.h */,
				8A406C7B22F920A1007669D8 /* RWUITextFieldVC.m */,
				8A406C7422F920A1007669D8 /* UIKitUsageListViewController.h */,
				8A406C7122F920A1007669D8 /* UIKitUsageListViewController.m */,
				8A406C7622F920A1007669D8 /* Views */,
				8AE382F322FD60EB005D6FDB /* RWXibViewController.h */,
				8AE382F422FD60EB005D6FDB /* RWXibViewController.m */,
			);
			path = UIKitUsage;
			sourceTree = "<group>";
		};
		8A406C7622F920A1007669D8 /* Views */ = {
			isa = PBXGroup;
			children = (
				8A406C7A22F920A1007669D8 /* RWPageView.h */,
				8A406C7822F920A1007669D8 /* RWPageView.m */,
				8A406C7722F920A1007669D8 /* RWStepTabView.h */,
				8A406C7922F920A1007669D8 /* RWStepTabView.m */,
				8AE382F622FD62D5005D6FDB /* RWUIKitTableHeader.h */,
				8AE382F722FD62D5005D6FDB /* RWUIKitTableHeader.m */,
				8AE382F922FD62E0005D6FDB /* RWUIKitTableHeader.xib */,
			);
			path = Views;
			sourceTree = "<group>";
		};
		8A406C8422F9223E007669D8 /* SizeClassesUsage */ = {
			isa = PBXGroup;
			children = (
				8A406C8622F9223E007669D8 /* ViewController.h */,
				8A406C8522F9223E007669D8 /* ViewController.m */,
			);
			path = SizeClassesUsage;
			sourceTree = "<group>";
		};
		8A5C8FC42303FD2E00225064 /* Flutter */ = {
			isa = PBXGroup;
			children = (
				8A5C8FC52303FD5F00225064 /* FlutterSampleViewController.h */,
				8A5C8FC62303FD5F00225064 /* FlutterSampleViewController.m */,
				8A5C8FCC2304168100225064 /* FlutterRouter.h */,
				8A5C8FCD2304168100225064 /* FlutterRouter.m */,
			);
			path = Flutter;
			sourceTree = "<group>";
		};
		8A5C8FC823040EAB00225064 /* AFNetworkingUsage */ = {
			isa = PBXGroup;
			children = (
				8A5C8FC923040EDF00225064 /* AFNUsageViewController.h */,
				8A5C8FCA23040EDF00225064 /* AFNUsageViewController.m */,
			);
			path = AFNetworkingUsage;
			sourceTree = "<group>";
		};
		8A9DD68922818454006FEC6E /* OCLearning */ = {
			isa = PBXGroup;
			children = (
				8A9DD68A22818487006FEC6E /* Message Forwarding */,
			);
			path = OCLearning;
			sourceTree = "<group>";
		};
		8A9DD68A22818487006FEC6E /* Message Forwarding */ = {
			isa = PBXGroup;
			children = (
				8A9DD68B228185BE006FEC6E /* RWAutoDictionary.h */,
				8A9DD68C228185BE006FEC6E /* RWAutoDictionary.m */,
			);
			path = "Message Forwarding";
			sourceTree = "<group>";
		};
		8AA2DDFF2359A67C00DB3EF4 /* Extend */ = {
			isa = PBXGroup;
			children = (
				76848B3923605F990009E8B0 /* RWWindow.h */,
				76848B3A23605F990009E8B0 /* RWWindow.m */,
				8A90D4712359B769001DB704 /* RWView.h */,
				8A90D4722359B769001DB704 /* RWView.m */,
				8A90D4742359B78C001DB704 /* RWLayer.h */,
				8A90D4752359B78C001DB704 /* RWLayer.m */,
				76410BE0236717C200DBBD4F /* NSObject+Private.h */,
				76410BE1236717C200DBBD4F /* NSObject+Private.m */,
			);
			path = Extend;
			sourceTree = "<group>";
		};
		8AC7BFA124248DDA00179441 /* DownloadUsage */ = {
			isa = PBXGroup;
			children = (
				8AC7BFA224248E1000179441 /* DownloadViewController.h */,
				8AC7BFA324248E1000179441 /* DownloadViewController.m */,
				8AC7BFA52424A7CD00179441 /* DownloadNSDataViewController.h */,
				8AC7BFA62424A7CD00179441 /* DownloadNSDataViewController.m */,
				8AC7BFAA2424B30300179441 /* DownloadNSURLConnectionVC.h */,
				8AC7BFAB2424B30300179441 /* DownloadNSURLConnectionVC.m */,
				8AC7BFAD2424B85A00179441 /* DownloadNSURLConnectionBigFileVC.h */,
				8AC7BFAE2424B85A00179441 /* DownloadNSURLConnectionBigFileVC.m */,
			);
			path = DownloadUsage;
			sourceTree = "<group>";
		};
		8AF32E9722438283002A76BD /* Function */ = {
			isa = PBXGroup;
			children = (
				76010CC72366F9CE00057066 /* RACObjCUsage */,
				8AC7BFA124248DDA00179441 /* DownloadUsage */,
				8A5C8FC823040EAB00225064 /* AFNetworkingUsage */,
				8A5C8FC42303FD2E00225064 /* Flutter */,
				8A9DD68922818454006FEC6E /* OCLearning */,
				8A406C7022F920A1007669D8 /* UIKitUsage */,
				8A406C8422F9223E007669D8 /* SizeClassesUsage */,
				76E2FA7B2177379A00A3D0AB /* MasonryUsage */,
			);
			path = Function;
			sourceTree = "<group>";
		};
		A3177101585B3BA3CE985E49 /* Frameworks */ = {
			isa = PBXGroup;
			children = (
				8AC7BFA82424AC4200179441 /* CFNetwork.framework */,
				42AC85981FE3706F00CDDB9B /* UIKit.framework */,
				42AC85961FE3706700CDDB9B /* CoreImage.framework */,
				42AC85941FE3706100CDDB9B /* CoreGraphics.framework */,
				42AC85921FE3705800CDDB9B /* CoreMedia.framework */,
				42AC85901FE3705200CDDB9B /* AVFoundation.framework */,
				5C99FAFA44A2C1915FA0A28E /* libPods-iOSSizeClasses.a */,
			);
			name = Frameworks;
			sourceTree = "<group>";
		};
		F557560B459FBEA4CEA81D6F /* Pods */ = {
			isa = PBXGroup;
			children = (
				A4C876E5217F46E6E47639C5 /* Pods-iOSSizeClasses.debug.xcconfig */,
				D49C2D767A4ED4585B579A84 /* Pods-iOSSizeClasses.release.xcconfig */,
			);
			name = Pods;
			sourceTree = "<group>";
		};
/* End PBXGroup section */

/* Begin PBXNativeTarget section */
		4267359C1DF50081008830DC /* iOSSizeClasses */ = {
			isa = PBXNativeTarget;
			buildConfigurationList = 426735CA1DF50081008830DC /* Build configuration list for PBXNativeTarget "iOSSizeClasses" */;
			buildPhases = (
				6D7E8CD2C9308109D0C7DF2D /* [CP] Check Pods Manifest.lock */,
				426735991DF50081008830DC /* Sources */,
				4267359A1DF50081008830DC /* Frameworks */,
				4267359B1DF50081008830DC /* Resources */,
				E31B58169D91623762921D50 /* [CP] Copy Pods Resources */,
				8A12A5FA229E71CB003F8279 /* ShellScript */,
			);
			buildRules = (
			);
			dependencies = (
			);
			name = iOSSizeClasses;
			productName = iOSSizeClasses;
			productReference = 4267359D1DF50081008830DC /* iOSSizeClasses.app */;
			productType = "com.apple.product-type.application";
		};
		426735B51DF50081008830DC /* iOSSizeClassesTests */ = {
			isa = PBXNativeTarget;
			buildConfigurationList = 426735CD1DF50081008830DC /* Build configuration list for PBXNativeTarget "iOSSizeClassesTests" */;
			buildPhases = (
				426735B21DF50081008830DC /* Sources */,
				426735B31DF50081008830DC /* Frameworks */,
				426735B41DF50081008830DC /* Resources */,
			);
			buildRules = (
			);
			dependencies = (
				426735B81DF50081008830DC /* PBXTargetDependency */,
			);
			name = iOSSizeClassesTests;
			productName = iOSSizeClassesTests;
			productReference = 426735B61DF50081008830DC /* iOSSizeClassesTests.xctest */;
			productType = "com.apple.product-type.bundle.unit-test";
		};
		426735C01DF50081008830DC /* iOSSizeClassesUITests */ = {
			isa = PBXNativeTarget;
			buildConfigurationList = 426735D01DF50081008830DC /* Build configuration list for PBXNativeTarget "iOSSizeClassesUITests" */;
			buildPhases = (
				426735BD1DF50081008830DC /* Sources */,
				426735BE1DF50081008830DC /* Frameworks */,
				426735BF1DF50081008830DC /* Resources */,
			);
			buildRules = (
			);
			dependencies = (
				426735C31DF50081008830DC /* PBXTargetDependency */,
			);
			name = iOSSizeClassesUITests;
			productName = iOSSizeClassesUITests;
			productReference = 426735C11DF50081008830DC /* iOSSizeClassesUITests.xctest */;
			productType = "com.apple.product-type.bundle.ui-testing";
		};
/* End PBXNativeTarget section */

/* Begin PBXProject section */
		426735951DF50081008830DC /* Project object */ = {
			isa = PBXProject;
			attributes = {
				LastUpgradeCheck = 1020;
				ORGANIZATIONNAME = "Robin Wong";
				TargetAttributes = {
					4267359C1DF50081008830DC = {
						CreatedOnToolsVersion = 8.1;
						DevelopmentTeam = 693F536PET;
						ProvisioningStyle = Automatic;
					};
					426735B51DF50081008830DC = {
						CreatedOnToolsVersion = 8.1;
						DevelopmentTeam = 693F536PET;
						ProvisioningStyle = Automatic;
						TestTargetID = 4267359C1DF50081008830DC;
					};
					426735C01DF50081008830DC = {
						CreatedOnToolsVersion = 8.1;
						DevelopmentTeam = 693F536PET;
						ProvisioningStyle = Automatic;
						TestTargetID = 4267359C1DF50081008830DC;
					};
				};
			};
			buildConfigurationList = 426735981DF50081008830DC /* Build configuration list for PBXProject "iOSSizeClasses" */;
			compatibilityVersion = "Xcode 3.2";
			developmentRegion = en;
			hasScannedForEncodings = 0;
			knownRegions = (
				en,
				Base,
			);
			mainGroup = 426735941DF50081008830DC;
			productRefGroup = 4267359E1DF50081008830DC /* Products */;
			projectDirPath = "";
			projectRoot = "";
			targets = (
				4267359C1DF50081008830DC /* iOSSizeClasses */,
				426735B51DF50081008830DC /* iOSSizeClassesTests */,
				426735C01DF50081008830DC /* iOSSizeClassesUITests */,
			);
		};
/* End PBXProject section */

/* Begin PBXResourcesBuildPhase section */
		4267359B1DF50081008830DC /* Resources */ = {
			isa = PBXResourcesBuildPhase;
			buildActionMask = 2147483647;
			files = (
				76506F072372E0D200DC4F8C /* JBFStaticSample.bundle in Resources */,
				426735B01DF50081008830DC /* LaunchScreen.storyboard in Resources */,
				426735AD1DF50081008830DC /* Assets.xcassets in Resources */,
				426735AB1DF50081008830DC /* Main.storyboard in Resources */,
				8AE382FA22FD62E0005D6FDB /* RWUIKitTableHeader.xib in Resources */,
			);
			runOnlyForDeploymentPostprocessing = 0;
		};
		426735B41DF50081008830DC /* Resources */ = {
			isa = PBXResourcesBuildPhase;
			buildActionMask = 2147483647;
			files = (
			);
			runOnlyForDeploymentPostprocessing = 0;
		};
		426735BF1DF50081008830DC /* Resources */ = {
			isa = PBXResourcesBuildPhase;
			buildActionMask = 2147483647;
			files = (
			);
			runOnlyForDeploymentPostprocessing = 0;
		};
/* End PBXResourcesBuildPhase section */

/* Begin PBXShellScriptBuildPhase section */
		6D7E8CD2C9308109D0C7DF2D /* [CP] Check Pods Manifest.lock */ = {
			isa = PBXShellScriptBuildPhase;
			buildActionMask = 2147483647;
			files = (
			);
			inputPaths = (
				"${PODS_PODFILE_DIR_PATH}/Podfile.lock",
				"${PODS_ROOT}/Manifest.lock",
			);
			name = "[CP] Check Pods Manifest.lock";
			outputPaths = (
				"$(DERIVED_FILE_DIR)/Pods-iOSSizeClasses-checkManifestLockResult.txt",
			);
			runOnlyForDeploymentPostprocessing = 0;
			shellPath = /bin/sh;
			shellScript = "diff \"${PODS_PODFILE_DIR_PATH}/Podfile.lock\" \"${PODS_ROOT}/Manifest.lock\" > /dev/null\nif [ $? != 0 ] ; then\n    # print error to STDERR\n    echo \"error: The sandbox is not in sync with the Podfile.lock. Run 'pod install' or update your CocoaPods installation.\" >&2\n    exit 1\nfi\n# This output is used by Xcode 'outputs' to avoid re-running this script phase.\necho \"SUCCESS\" > \"${SCRIPT_OUTPUT_FILE_0}\"\n";
			showEnvVarsInLog = 0;
		};
		8A12A5FA229E71CB003F8279 /* ShellScript */ = {
			isa = PBXShellScriptBuildPhase;
			buildActionMask = 2147483647;
			files = (
			);
			inputFileListPaths = (
			);
			inputPaths = (
			);
			outputFileListPaths = (
			);
			outputPaths = (
			);
			runOnlyForDeploymentPostprocessing = 0;
			shellPath = /bin/sh;
			shellScript = "# Type a script or drag a script file from your workspace to insert its path.\n";
		};
		E31B58169D91623762921D50 /* [CP] Copy Pods Resources */ = {
			isa = PBXShellScriptBuildPhase;
			buildActionMask = 2147483647;
			files = (
			);
			inputPaths = (
				"${PODS_ROOT}/Target Support Files/Pods-iOSSizeClasses/Pods-iOSSizeClasses-resources.sh",
				"${PODS_ROOT}/MJRefresh/MJRefresh/MJRefresh.bundle",
			);
			name = "[CP] Copy Pods Resources";
			outputPaths = (
				"${TARGET_BUILD_DIR}/${UNLOCALIZED_RESOURCES_FOLDER_PATH}/MJRefresh.bundle",
			);
			runOnlyForDeploymentPostprocessing = 0;
			shellPath = /bin/sh;
			shellScript = "\"${PODS_ROOT}/Target Support Files/Pods-iOSSizeClasses/Pods-iOSSizeClasses-resources.sh\"\n";
			showEnvVarsInLog = 0;
		};
/* End PBXShellScriptBuildPhase section */

/* Begin PBXSourcesBuildPhase section */
		426735991DF50081008830DC /* Sources */ = {
			isa = PBXSourcesBuildPhase;
			buildActionMask = 2147483647;
			files = (
				8A90D4762359B78C001DB704 /* RWLayer.m in Sources */,
				8AE382F522FD60EB005D6FDB /* RWXibViewController.m in Sources */,
				8A406C8722F9223E007669D8 /* ViewController.m in Sources */,
				76223A3F2150D5A300BB0599 /* RWFloatView.m in Sources */,
				8AC7BFAC2424B30300179441 /* DownloadNSURLConnectionVC.m in Sources */,
				8AE382F222FBFDB4005D6FDB /* MasFrameViewController.m in Sources */,
				7604E10822324C1800C35620 /* AppUtils.m in Sources */,
				76E2FA792177344B00A3D0AB /* AppDelegate+JLRoutesRegister.m in Sources */,
				8A406C7D22F920A1007669D8 /* RWUIScrollerViewController.m in Sources */,
				76848B3B23605F990009E8B0 /* RWWindow.m in Sources */,
				8A406C8322F920BC007669D8 /* MasScrollerViewController.m in Sources */,
				8A406C7E22F920A1007669D8 /* RWPageView.m in Sources */,
				76410BE2236717C200DBBD4F /* NSObject+Private.m in Sources */,
				8A9DD68D228185BE006FEC6E /* RWAutoDictionary.m in Sources */,
				424904D11FE250500086152E /* RWBaseViewController.m in Sources */,
				426735A51DF50081008830DC /* AppDelegate.m in Sources */,
				8AC7BFAF2424B85A00179441 /* DownloadNSURLConnectionBigFileVC.m in Sources */,
				8AF32E9B22438307002A76BD /* RWUsageListViewController.m in Sources */,
				8AC7BFA424248E1000179441 /* DownloadViewController.m in Sources */,
				8A406C6E22F9205D007669D8 /* MasUseListViewController.m in Sources */,
				8A5C8FCE2304168100225064 /* FlutterRouter.m in Sources */,
				7604E10322320AAB00C35620 /* RWApiManager.m in Sources */,
				8AE382F822FD62D5005D6FDB /* RWUIKitTableHeader.m in Sources */,
				424904D61FE252B20086152E /* SampleListViewController.m in Sources */,
				76010CCA2366FA6B00057066 /* RWRACObjCViewController.m in Sources */,
				8AC7BFA72424A7CD00179441 /* DownloadNSDataViewController.m in Sources */,
				76223A3921509AB600BB0599 /* RWHeaderView.m in Sources */,
				8A406C7C22F920A1007669D8 /* UIKitUsageListViewController.m in Sources */,
				8A406C6F22F9205D007669D8 /* MasBasicViewController.m in Sources */,
				8A406C7F22F920A1007669D8 /* RWStepTabView.m in Sources */,
				76223A3C2150A10D00BB0599 /* RWFooterView.m in Sources */,
				8A90D4732359B769001DB704 /* RWView.m in Sources */,
				8A5C8FC72303FD5F00225064 /* FlutterSampleViewController.m in Sources */,
				8A406C8022F920A1007669D8 /* RWUITextFieldVC.m in Sources */,
				8A5C8FCB23040EDF00225064 /* AFNUsageViewController.m in Sources */,
				426735A21DF50081008830DC /* main.m in Sources */,
			);
			runOnlyForDeploymentPostprocessing = 0;
		};
		426735B21DF50081008830DC /* Sources */ = {
			isa = PBXSourcesBuildPhase;
			buildActionMask = 2147483647;
			files = (
				426735BB1DF50081008830DC /* iOSSizeClassesTests.m in Sources */,
			);
			runOnlyForDeploymentPostprocessing = 0;
		};
		426735BD1DF50081008830DC /* Sources */ = {
			isa = PBXSourcesBuildPhase;
			buildActionMask = 2147483647;
			files = (
				426735C61DF50081008830DC /* iOSSizeClassesUITests.m in Sources */,
			);
			runOnlyForDeploymentPostprocessing = 0;
		};
/* End PBXSourcesBuildPhase section */

/* Begin PBXTargetDependency section */
		426735B81DF50081008830DC /* PBXTargetDependency */ = {
			isa = PBXTargetDependency;
			target = 4267359C1DF50081008830DC /* iOSSizeClasses */;
			targetProxy = 426735B71DF50081008830DC /* PBXContainerItemProxy */;
		};
		426735C31DF50081008830DC /* PBXTargetDependency */ = {
			isa = PBXTargetDependency;
			target = 4267359C1DF50081008830DC /* iOSSizeClasses */;
			targetProxy = 426735C21DF50081008830DC /* PBXContainerItemProxy */;
		};
/* End PBXTargetDependency section */

/* Begin PBXVariantGroup section */
		426735A91DF50081008830DC /* Main.storyboard */ = {
			isa = PBXVariantGroup;
			children = (
				426735AA1DF50081008830DC /* Base */,
			);
			name = Main.storyboard;
			sourceTree = "<group>";
		};
		426735AE1DF50081008830DC /* LaunchScreen.storyboard */ = {
			isa = PBXVariantGroup;
			children = (
				426735AF1DF50081008830DC /* Base */,
			);
			name = LaunchScreen.storyboard;
			sourceTree = "<group>";
		};
/* End PBXVariantGroup section */

/* Begin XCBuildConfiguration section */
		426735C81DF50081008830DC /* Debug */ = {
			isa = XCBuildConfiguration;
			buildSettings = {
				ALWAYS_SEARCH_USER_PATHS = NO;
				CLANG_ANALYZER_LOCALIZABILITY_NONLOCALIZED = YES;
				CLANG_ANALYZER_NONNULL = YES;
				CLANG_CXX_LANGUAGE_STANDARD = "gnu++0x";
				CLANG_CXX_LIBRARY = "libc++";
				CLANG_ENABLE_MODULES = YES;
				CLANG_ENABLE_OBJC_ARC = YES;
				CLANG_WARN_BLOCK_CAPTURE_AUTORELEASING = YES;
				CLANG_WARN_BOOL_CONVERSION = YES;
				CLANG_WARN_COMMA = YES;
				CLANG_WARN_CONSTANT_CONVERSION = YES;
				CLANG_WARN_DEPRECATED_OBJC_IMPLEMENTATIONS = YES;
				CLANG_WARN_DIRECT_OBJC_ISA_USAGE = YES_ERROR;
				CLANG_WARN_DOCUMENTATION_COMMENTS = YES;
				CLANG_WARN_EMPTY_BODY = YES;
				CLANG_WARN_ENUM_CONVERSION = YES;
				CLANG_WARN_INFINITE_RECURSION = YES;
				CLANG_WARN_INT_CONVERSION = YES;
				CLANG_WARN_NON_LITERAL_NULL_CONVERSION = YES;
				CLANG_WARN_OBJC_IMPLICIT_RETAIN_SELF = YES;
				CLANG_WARN_OBJC_LITERAL_CONVERSION = YES;
				CLANG_WARN_OBJC_ROOT_CLASS = YES_ERROR;
				CLANG_WARN_RANGE_LOOP_ANALYSIS = YES;
				CLANG_WARN_STRICT_PROTOTYPES = YES;
				CLANG_WARN_SUSPICIOUS_MOVE = YES;
				CLANG_WARN_SUSPICIOUS_MOVES = YES;
				CLANG_WARN_UNREACHABLE_CODE = YES;
				CLANG_WARN__DUPLICATE_METHOD_MATCH = YES;
				"CODE_SIGN_IDENTITY[sdk=iphoneos*]" = "iPhone Developer";
				COPY_PHASE_STRIP = NO;
				DEBUG_INFORMATION_FORMAT = dwarf;
				ENABLE_STRICT_OBJC_MSGSEND = YES;
				ENABLE_TESTABILITY = YES;
				GCC_C_LANGUAGE_STANDARD = gnu99;
				GCC_DYNAMIC_NO_PIC = NO;
				GCC_NO_COMMON_BLOCKS = YES;
				GCC_OPTIMIZATION_LEVEL = 0;
				GCC_PRECOMPILE_PREFIX_HEADER = YES;
				GCC_PREFIX_HEADER = " $(SRCROOT)/PrefixHeader.pch";
				GCC_PREPROCESSOR_DEFINITIONS = (
					"DEBUG=1",
					"$(inherited)",
				);
				GCC_WARN_64_TO_32_BIT_CONVERSION = YES;
				GCC_WARN_ABOUT_RETURN_TYPE = YES_ERROR;
				GCC_WARN_UNDECLARED_SELECTOR = YES;
				GCC_WARN_UNINITIALIZED_AUTOS = YES_AGGRESSIVE;
				GCC_WARN_UNUSED_FUNCTION = YES;
				GCC_WARN_UNUSED_VARIABLE = YES;
				IPHONEOS_DEPLOYMENT_TARGET = 8.0;
				MTL_ENABLE_DEBUG_INFO = YES;
				ONLY_ACTIVE_ARCH = YES;
				SDKROOT = iphoneos;
				TARGETED_DEVICE_FAMILY = "1,2";
			};
			name = Debug;
		};
		426735C91DF50081008830DC /* Release */ = {
			isa = XCBuildConfiguration;
			buildSettings = {
				ALWAYS_SEARCH_USER_PATHS = NO;
				CLANG_ANALYZER_LOCALIZABILITY_NONLOCALIZED = YES;
				CLANG_ANALYZER_NONNULL = YES;
				CLANG_CXX_LANGUAGE_STANDARD = "gnu++0x";
				CLANG_CXX_LIBRARY = "libc++";
				CLANG_ENABLE_MODULES = YES;
				CLANG_ENABLE_OBJC_ARC = YES;
				CLANG_WARN_BLOCK_CAPTURE_AUTORELEASING = YES;
				CLANG_WARN_BOOL_CONVERSION = YES;
				CLANG_WARN_COMMA = YES;
				CLANG_WARN_CONSTANT_CONVERSION = YES;
				CLANG_WARN_DEPRECATED_OBJC_IMPLEMENTATIONS = YES;
				CLANG_WARN_DIRECT_OBJC_ISA_USAGE = YES_ERROR;
				CLANG_WARN_DOCUMENTATION_COMMENTS = YES;
				CLANG_WARN_EMPTY_BODY = YES;
				CLANG_WARN_ENUM_CONVERSION = YES;
				CLANG_WARN_INFINITE_RECURSION = YES;
				CLANG_WARN_INT_CONVERSION = YES;
				CLANG_WARN_NON_LITERAL_NULL_CONVERSION = YES;
				CLANG_WARN_OBJC_IMPLICIT_RETAIN_SELF = YES;
				CLANG_WARN_OBJC_LITERAL_CONVERSION = YES;
				CLANG_WARN_OBJC_ROOT_CLASS = YES_ERROR;
				CLANG_WARN_RANGE_LOOP_ANALYSIS = YES;
				CLANG_WARN_STRICT_PROTOTYPES = YES;
				CLANG_WARN_SUSPICIOUS_MOVE = YES;
				CLANG_WARN_SUSPICIOUS_MOVES = YES;
				CLANG_WARN_UNREACHABLE_CODE = YES;
				CLANG_WARN__DUPLICATE_METHOD_MATCH = YES;
				"CODE_SIGN_IDENTITY[sdk=iphoneos*]" = "iPhone Developer";
				COPY_PHASE_STRIP = NO;
				DEBUG_INFORMATION_FORMAT = "dwarf-with-dsym";
				ENABLE_NS_ASSERTIONS = NO;
				ENABLE_STRICT_OBJC_MSGSEND = YES;
				GCC_C_LANGUAGE_STANDARD = gnu99;
				GCC_NO_COMMON_BLOCKS = YES;
				GCC_PRECOMPILE_PREFIX_HEADER = YES;
				GCC_PREFIX_HEADER = " $(SRCROOT)/PrefixHeader.pch";
				GCC_WARN_64_TO_32_BIT_CONVERSION = YES;
				GCC_WARN_ABOUT_RETURN_TYPE = YES_ERROR;
				GCC_WARN_UNDECLARED_SELECTOR = YES;
				GCC_WARN_UNINITIALIZED_AUTOS = YES_AGGRESSIVE;
				GCC_WARN_UNUSED_FUNCTION = YES;
				GCC_WARN_UNUSED_VARIABLE = YES;
				IPHONEOS_DEPLOYMENT_TARGET = 8.0;
				MTL_ENABLE_DEBUG_INFO = NO;
				SDKROOT = iphoneos;
				TARGETED_DEVICE_FAMILY = "1,2";
				VALIDATE_PRODUCT = YES;
			};
			name = Release;
		};
		426735CB1DF50081008830DC /* Debug */ = {
			isa = XCBuildConfiguration;
			baseConfigurationReference = A4C876E5217F46E6E47639C5 /* Pods-iOSSizeClasses.debug.xcconfig */;
			buildSettings = {
				ASSETCATALOG_COMPILER_APPICON_NAME = AppIcon;
				CLANG_CXX_LANGUAGE_STANDARD = "c++0x";
				DEVELOPMENT_TEAM = 693F536PET;
				ENABLE_BITCODE = NO;
				FRAMEWORK_SEARCH_PATHS = (
					"$(inherited)",
					"$(PROJECT_DIR)",
					"$(PROJECT_DIR)/iOSSizeClasses/Vendor",
				);
				GCC_PREFIX_HEADER = iOSSizeClasses/PrefixHeader.pch;
				HEADER_SEARCH_PATHS = (
					"$(inherited)",
					"'${SRCROOT}/Pods/TensorFlow-experimental/Frameworks/tensorflow_experimental.framework/Headers'",
					"'${SRCROOT}/Pods/TensorFlow-experimental/Frameworks/tensorflow_experimental.framework/Headers/third_party/eigen3'",
					"\"${PODS_ROOT}/Headers/Public\"",
					"\"${PODS_ROOT}/Headers/Public/Masonry\"",
					"\"${PODS_ROOT}/Headers/Public/TensorFlow-experimental\"",
				);
				INFOPLIST_FILE = iOSSizeClasses/Info.plist;
				IPHONEOS_DEPLOYMENT_TARGET = 8.0;
				LD_RUNPATH_SEARCH_PATHS = "$(inherited) @executable_path/Frameworks";
				LIBRARY_SEARCH_PATHS = (
					"$(inherited)",
					"$(PROJECT_DIR)/iOSSizeClasses/Vendor",
				);
				PRODUCT_BUNDLE_IDENTIFIER = org.imaginedays.rw;
				PRODUCT_NAME = "$(TARGET_NAME)";
			};
			name = Debug;
		};
		426735CC1DF50081008830DC /* Release */ = {
			isa = XCBuildConfiguration;
			baseConfigurationReference = D49C2D767A4ED4585B579A84 /* Pods-iOSSizeClasses.release.xcconfig */;
			buildSettings = {
				ASSETCATALOG_COMPILER_APPICON_NAME = AppIcon;
				CLANG_CXX_LANGUAGE_STANDARD = "c++0x";
				DEVELOPMENT_TEAM = 693F536PET;
				ENABLE_BITCODE = NO;
				FRAMEWORK_SEARCH_PATHS = (
					"$(inherited)",
					"$(PROJECT_DIR)",
					"$(PROJECT_DIR)/iOSSizeClasses/Vendor",
				);
				GCC_PREFIX_HEADER = iOSSizeClasses/PrefixHeader.pch;
				HEADER_SEARCH_PATHS = (
					"$(inherited)",
					"'${SRCROOT}/Pods/TensorFlow-experimental/Frameworks/tensorflow_experimental.framework/Headers'",
					"'${SRCROOT}/Pods/TensorFlow-experimental/Frameworks/tensorflow_experimental.framework/Headers/third_party/eigen3'",
					"\"${PODS_ROOT}/Headers/Public\"",
					"\"${PODS_ROOT}/Headers/Public/Masonry\"",
					"\"${PODS_ROOT}/Headers/Public/TensorFlow-experimental\"",
				);
				INFOPLIST_FILE = iOSSizeClasses/Info.plist;
				IPHONEOS_DEPLOYMENT_TARGET = 8.0;
				LD_RUNPATH_SEARCH_PATHS = "$(inherited) @executable_path/Frameworks";
				LIBRARY_SEARCH_PATHS = (
					"$(inherited)",
					"$(PROJECT_DIR)/iOSSizeClasses/Vendor",
				);
				PRODUCT_BUNDLE_IDENTIFIER = org.imaginedays.rw;
				PRODUCT_NAME = "$(TARGET_NAME)";
			};
			name = Release;
		};
		426735CE1DF50081008830DC /* Debug */ = {
			isa = XCBuildConfiguration;
			buildSettings = {
				BUNDLE_LOADER = "$(TEST_HOST)";
				DEVELOPMENT_TEAM = 693F536PET;
				INFOPLIST_FILE = iOSSizeClassesTests/Info.plist;
				LD_RUNPATH_SEARCH_PATHS = "$(inherited) @executable_path/Frameworks @loader_path/Frameworks";
				PRODUCT_BUNDLE_IDENTIFIER = com.sample.iOSSizeClassesTests;
				PRODUCT_NAME = "$(TARGET_NAME)";
				TEST_HOST = "$(BUILT_PRODUCTS_DIR)/iOSSizeClasses.app/iOSSizeClasses";
			};
			name = Debug;
		};
		426735CF1DF50081008830DC /* Release */ = {
			isa = XCBuildConfiguration;
			buildSettings = {
				BUNDLE_LOADER = "$(TEST_HOST)";
				DEVELOPMENT_TEAM = 693F536PET;
				INFOPLIST_FILE = iOSSizeClassesTests/Info.plist;
				LD_RUNPATH_SEARCH_PATHS = "$(inherited) @executable_path/Frameworks @loader_path/Frameworks";
				PRODUCT_BUNDLE_IDENTIFIER = com.sample.iOSSizeClassesTests;
				PRODUCT_NAME = "$(TARGET_NAME)";
				TEST_HOST = "$(BUILT_PRODUCTS_DIR)/iOSSizeClasses.app/iOSSizeClasses";
			};
			name = Release;
		};
		426735D11DF50081008830DC /* Debug */ = {
			isa = XCBuildConfiguration;
			buildSettings = {
				DEVELOPMENT_TEAM = 693F536PET;
				INFOPLIST_FILE = iOSSizeClassesUITests/Info.plist;
				LD_RUNPATH_SEARCH_PATHS = "$(inherited) @executable_path/Frameworks @loader_path/Frameworks";
				PRODUCT_BUNDLE_IDENTIFIER = com.sample.iOSSizeClassesUITests;
				PRODUCT_NAME = "$(TARGET_NAME)";
				TEST_TARGET_NAME = iOSSizeClasses;
			};
			name = Debug;
		};
		426735D21DF50081008830DC /* Release */ = {
			isa = XCBuildConfiguration;
			buildSettings = {
				DEVELOPMENT_TEAM = 693F536PET;
				INFOPLIST_FILE = iOSSizeClassesUITests/Info.plist;
				LD_RUNPATH_SEARCH_PATHS = "$(inherited) @executable_path/Frameworks @loader_path/Frameworks";
				PRODUCT_BUNDLE_IDENTIFIER = com.sample.iOSSizeClassesUITests;
				PRODUCT_NAME = "$(TARGET_NAME)";
				TEST_TARGET_NAME = iOSSizeClasses;
			};
			name = Release;
		};
/* End XCBuildConfiguration section */

/* Begin XCConfigurationList section */
		426735981DF50081008830DC /* Build configuration list for PBXProject "iOSSizeClasses" */ = {
			isa = XCConfigurationList;
			buildConfigurations = (
				426735C81DF50081008830DC /* Debug */,
				426735C91DF50081008830DC /* Release */,
			);
			defaultConfigurationIsVisible = 0;
			defaultConfigurationName = Release;
		};
		426735CA1DF50081008830DC /* Build configuration list for PBXNativeTarget "iOSSizeClasses" */ = {
			isa = XCConfigurationList;
			buildConfigurations = (
				426735CB1DF50081008830DC /* Debug */,
				426735CC1DF50081008830DC /* Release */,
			);
			defaultConfigurationIsVisible = 0;
			defaultConfigurationName = Release;
		};
		426735CD1DF50081008830DC /* Build configuration list for PBXNativeTarget "iOSSizeClassesTests" */ = {
			isa = XCConfigurationList;
			buildConfigurations = (
				426735CE1DF50081008830DC /* Debug */,
				426735CF1DF50081008830DC /* Release */,
			);
			defaultConfigurationIsVisible = 0;
			defaultConfigurationName = Release;
		};
		426735D01DF50081008830DC /* Build configuration list for PBXNativeTarget "iOSSizeClassesUITests" */ = {
			isa = XCConfigurationList;
			buildConfigurations = (
				426735D11DF50081008830DC /* Debug */,
				426735D21DF50081008830DC /* Release */,
			);
			defaultConfigurationIsVisible = 0;
			defaultConfigurationName = Release;
		};
/* End XCConfigurationList section */
	};
	rootObject = 426735951DF50081008830DC /* Project object */;
}
