// !$*UTF8*$!
{
	archiveVersion = 1;
	classes = {
	};
	objectVersion = 46;
	objects = {

/* Begin PBXBuildFile section */
		424904D11FE250500086152E /* RWBaseViewController.m in Sources */ = {isa = PBXBuildFile; fileRef = 424904D01FE250500086152E /* RWBaseViewController.m */; };
		424904D61FE252B20086152E /* SampleListViewController.m in Sources */ = {isa = PBXBuildFile; fileRef = 424904D51FE252B20086152E /* SampleListViewController.m */; };
		424904DC1FE254CA0086152E /* MasUseListViewController.m in Sources */ = {isa = PBXBuildFile; fileRef = 424904DB1FE254CA0086152E /* MasUseListViewController.m */; };
		424904DF1FE263300086152E /* MasBasicViewController.m in Sources */ = {isa = PBXBuildFile; fileRef = 424904DE1FE263300086152E /* MasBasicViewController.m */; };
		426735A21DF50081008830DC /* main.m in Sources */ = {isa = PBXBuildFile; fileRef = 426735A11DF50081008830DC /* main.m */; };
		426735A51DF50081008830DC /* AppDelegate.m in Sources */ = {isa = PBXBuildFile; fileRef = 426735A41DF50081008830DC /* AppDelegate.m */; };
		426735A81DF50081008830DC /* ViewController.m in Sources */ = {isa = PBXBuildFile; fileRef = 426735A71DF50081008830DC /* ViewController.m */; };
		426735AB1DF50081008830DC /* Main.storyboard in Resources */ = {isa = PBXBuildFile; fileRef = 426735A91DF50081008830DC /* Main.storyboard */; };
		426735AD1DF50081008830DC /* Assets.xcassets in Resources */ = {isa = PBXBuildFile; fileRef = 426735AC1DF50081008830DC /* Assets.xcassets */; };
		426735B01DF50081008830DC /* LaunchScreen.storyboard in Resources */ = {isa = PBXBuildFile; fileRef = 426735AE1DF50081008830DC /* LaunchScreen.storyboard */; };
		426735BB1DF50081008830DC /* iOSSizeClassesTests.m in Sources */ = {isa = PBXBuildFile; fileRef = 426735BA1DF50081008830DC /* iOSSizeClassesTests.m */; };
		426735C61DF50081008830DC /* iOSSizeClassesUITests.m in Sources */ = {isa = PBXBuildFile; fileRef = 426735C51DF50081008830DC /* iOSSizeClassesUITests.m */; };
		ED4AFC42E801E2BE9684E1C7 /* libPods-iOSSizeClasses.a in Frameworks */ = {isa = PBXBuildFile; fileRef = 5C99FAFA44A2C1915FA0A28E /* libPods-iOSSizeClasses.a */; };
/* End PBXBuildFile section */

/* Begin PBXContainerItemProxy section */
		426735B71DF50081008830DC /* PBXContainerItemProxy */ = {
			isa = PBXContainerItemProxy;
			containerPortal = 426735951DF50081008830DC /* Project object */;
			proxyType = 1;
			remoteGlobalIDString = 4267359C1DF50081008830DC;
			remoteInfo = iOSSizeClasses;
		};
		426735C21DF50081008830DC /* PBXContainerItemProxy */ = {
			isa = PBXContainerItemProxy;
			containerPortal = 426735951DF50081008830DC /* Project object */;
			proxyType = 1;
			remoteGlobalIDString = 4267359C1DF50081008830DC;
			remoteInfo = iOSSizeClasses;
		};
/* End PBXContainerItemProxy section */

/* Begin PBXFileReference section */
		424904CE1FE24D120086152E /* PrefixHeader.pch */ = {isa = PBXFileReference; lastKnownFileType = sourcecode.c.h; path = PrefixHeader.pch; sourceTree = "<group>"; };
		424904CF1FE250500086152E /* RWBaseViewController.h */ = {isa = PBXFileReference; lastKnownFileType = sourcecode.c.h; path = RWBaseViewController.h; sourceTree = "<group>"; };
		424904D01FE250500086152E /* RWBaseViewController.m */ = {isa = PBXFileReference; lastKnownFileType = sourcecode.c.objc; path = RWBaseViewController.m; sourceTree = "<group>"; };
		424904D41FE252B20086152E /* SampleListViewController.h */ = {isa = PBXFileReference; lastKnownFileType = sourcecode.c.h; path = SampleListViewController.h; sourceTree = "<group>"; };
		424904D51FE252B20086152E /* SampleListViewController.m */ = {isa = PBXFileReference; lastKnownFileType = sourcecode.c.objc; path = SampleListViewController.m; sourceTree = "<group>"; };
		424904DA1FE254CA0086152E /* MasUseListViewController.h */ = {isa = PBXFileReference; lastKnownFileType = sourcecode.c.h; path = MasUseListViewController.h; sourceTree = "<group>"; };
		424904DB1FE254CA0086152E /* MasUseListViewController.m */ = {isa = PBXFileReference; lastKnownFileType = sourcecode.c.objc; path = MasUseListViewController.m; sourceTree = "<group>"; };
		424904DD1FE263300086152E /* MasBasicViewController.h */ = {isa = PBXFileReference; lastKnownFileType = sourcecode.c.h; path = MasBasicViewController.h; sourceTree = "<group>"; };
		424904DE1FE263300086152E /* MasBasicViewController.m */ = {isa = PBXFileReference; lastKnownFileType = sourcecode.c.objc; path = MasBasicViewController.m; sourceTree = "<group>"; };
		4267359D1DF50081008830DC /* iOSSizeClasses.app */ = {isa = PBXFileReference; explicitFileType = wrapper.application; includeInIndex = 0; path = iOSSizeClasses.app; sourceTree = BUILT_PRODUCTS_DIR; };
		426735A11DF50081008830DC /* main.m */ = {isa = PBXFileReference; lastKnownFileType = sourcecode.c.objc; path = main.m; sourceTree = "<group>"; };
		426735A31DF50081008830DC /* AppDelegate.h */ = {isa = PBXFileReference; lastKnownFileType = sourcecode.c.h; path = AppDelegate.h; sourceTree = "<group>"; };
		426735A41DF50081008830DC /* AppDelegate.m */ = {isa = PBXFileReference; lastKnownFileType = sourcecode.c.objc; path = AppDelegate.m; sourceTree = "<group>"; };
		426735A61DF50081008830DC /* ViewController.h */ = {isa = PBXFileReference; lastKnownFileType = sourcecode.c.h; path = ViewController.h; sourceTree = "<group>"; };
		426735A71DF50081008830DC /* ViewController.m */ = {isa = PBXFileReference; lastKnownFileType = sourcecode.c.objc; path = ViewController.m; sourceTree = "<group>"; };
		426735AA1DF50081008830DC /* Base */ = {isa = PBXFileReference; lastKnownFileType = file.storyboard; name = Base; path = Base.lproj/Main.storyboard; sourceTree = "<group>"; };
		426735AC1DF50081008830DC /* Assets.xcassets */ = {isa = PBXFileReference; lastKnownFileType = folder.assetcatalog; path = Assets.xcassets; sourceTree = "<group>"; };
		426735AF1DF50081008830DC /* Base */ = {isa = PBXFileReference; lastKnownFileType = file.storyboard; name = Base; path = Base.lproj/LaunchScreen.storyboard; sourceTree = "<group>"; };
		426735B11DF50081008830DC /* Info.plist */ = {isa = PBXFileReference; lastKnownFileType = text.plist.xml; path = Info.plist; sourceTree = "<group>"; };
		426735B61DF50081008830DC /* iOSSizeClassesTests.xctest */ = {isa = PBXFileReference; explicitFileType = wrapper.cfbundle; includeInIndex = 0; path = iOSSizeClassesTests.xctest; sourceTree = BUILT_PRODUCTS_DIR; };
		426735BA1DF50081008830DC /* iOSSizeClassesTests.m */ = {isa = PBXFileReference; lastKnownFileType = sourcecode.c.objc; path = iOSSizeClassesTests.m; sourceTree = "<group>"; };
		426735BC1DF50081008830DC /* Info.plist */ = {isa = PBXFileReference; lastKnownFileType = text.plist.xml; path = Info.plist; sourceTree = "<group>"; };
		426735C11DF50081008830DC /* iOSSizeClassesUITests.xctest */ = {isa = PBXFileReference; explicitFileType = wrapper.cfbundle; includeInIndex = 0; path = iOSSizeClassesUITests.xctest; sourceTree = BUILT_PRODUCTS_DIR; };
		426735C51DF50081008830DC /* iOSSizeClassesUITests.m */ = {isa = PBXFileReference; lastKnownFileType = sourcecode.c.objc; path = iOSSizeClassesUITests.m; sourceTree = "<group>"; };
		426735C71DF50081008830DC /* Info.plist */ = {isa = PBXFileReference; lastKnownFileType = text.plist.xml; path = Info.plist; sourceTree = "<group>"; };
		5C99FAFA44A2C1915FA0A28E /* libPods-iOSSizeClasses.a */ = {isa = PBXFileReference; explicitFileType = archive.ar; includeInIndex = 0; path = "libPods-iOSSizeClasses.a"; sourceTree = BUILT_PRODUCTS_DIR; };
		8D285D69D0F18DBA658EED71 /* Pods-iOSSizeClasses.debug.xcconfig */ = {isa = PBXFileReference; includeInIndex = 1; lastKnownFileType = text.xcconfig; name = "Pods-iOSSizeClasses.debug.xcconfig"; path = "Pods/Target Support Files/Pods-iOSSizeClasses/Pods-iOSSizeClasses.debug.xcconfig"; sourceTree = "<group>"; };
		A382FFDE109D736258C09B55 /* Pods-iOSSizeClasses.release.xcconfig */ = {isa = PBXFileReference; includeInIndex = 1; lastKnownFileType = text.xcconfig; name = "Pods-iOSSizeClasses.release.xcconfig"; path = "Pods/Target Support Files/Pods-iOSSizeClasses/Pods-iOSSizeClasses.release.xcconfig"; sourceTree = "<group>"; };
/* End PBXFileReference section */

/* Begin PBXFrameworksBuildPhase section */
		4267359A1DF50081008830DC /* Frameworks */ = {
			isa = PBXFrameworksBuildPhase;
			buildActionMask = 2147483647;
			files = (
				ED4AFC42E801E2BE9684E1C7 /* libPods-iOSSizeClasses.a in Frameworks */,
			);
			runOnlyForDeploymentPostprocessing = 0;
		};
		426735B31DF50081008830DC /* Frameworks */ = {
			isa = PBXFrameworksBuildPhase;
			buildActionMask = 2147483647;
			files = (
			);
			runOnlyForDeploymentPostprocessing = 0;
		};
		426735BE1DF50081008830DC /* Frameworks */ = {
			isa = PBXFrameworksBuildPhase;
			buildActionMask = 2147483647;
			files = (
			);
			runOnlyForDeploymentPostprocessing = 0;
		};
/* End PBXFrameworksBuildPhase section */

/* Begin PBXGroup section */
		424904D21FE251C60086152E /* MasonrySample */ = {
			isa = PBXGroup;
			children = (
				424904DA1FE254CA0086152E /* MasUseListViewController.h */,
				424904DB1FE254CA0086152E /* MasUseListViewController.m */,
				424904DD1FE263300086152E /* MasBasicViewController.h */,
				424904DE1FE263300086152E /* MasBasicViewController.m */,
			);
			name = MasonrySample;
			sourceTree = "<group>";
		};
		424904D31FE251FF0086152E /* SizeClassesSapmle */ = {
			isa = PBXGroup;
			children = (
				426735A61DF50081008830DC /* ViewController.h */,
				426735A71DF50081008830DC /* ViewController.m */,
			);
			name = SizeClassesSapmle;
			sourceTree = "<group>";
		};
		426735941DF50081008830DC = {
			isa = PBXGroup;
			children = (
				4267359F1DF50081008830DC /* iOSSizeClasses */,
				426735B91DF50081008830DC /* iOSSizeClassesTests */,
				426735C41DF50081008830DC /* iOSSizeClassesUITests */,
				4267359E1DF50081008830DC /* Products */,
				F557560B459FBEA4CEA81D6F /* Pods */,
				A3177101585B3BA3CE985E49 /* Frameworks */,
			);
			sourceTree = "<group>";
		};
		4267359E1DF50081008830DC /* Products */ = {
			isa = PBXGroup;
			children = (
				4267359D1DF50081008830DC /* iOSSizeClasses.app */,
				426735B61DF50081008830DC /* iOSSizeClassesTests.xctest */,
				426735C11DF50081008830DC /* iOSSizeClassesUITests.xctest */,
			);
			name = Products;
			sourceTree = "<group>";
		};
		4267359F1DF50081008830DC /* iOSSizeClasses */ = {
			isa = PBXGroup;
			children = (
				424904D31FE251FF0086152E /* SizeClassesSapmle */,
				424904D21FE251C60086152E /* MasonrySample */,
				426735A31DF50081008830DC /* AppDelegate.h */,
				426735A41DF50081008830DC /* AppDelegate.m */,
				426735A91DF50081008830DC /* Main.storyboard */,
				426735AC1DF50081008830DC /* Assets.xcassets */,
				426735AE1DF50081008830DC /* LaunchScreen.storyboard */,
				426735B11DF50081008830DC /* Info.plist */,
				426735A01DF50081008830DC /* Supporting Files */,
				424904CF1FE250500086152E /* RWBaseViewController.h */,
				424904D01FE250500086152E /* RWBaseViewController.m */,
				424904D41FE252B20086152E /* SampleListViewController.h */,
				424904D51FE252B20086152E /* SampleListViewController.m */,
			);
			path = iOSSizeClasses;
			sourceTree = "<group>";
		};
		426735A01DF50081008830DC /* Supporting Files */ = {
			isa = PBXGroup;
			children = (
				424904CE1FE24D120086152E /* PrefixHeader.pch */,
				426735A11DF50081008830DC /* main.m */,
			);
			name = "Supporting Files";
			sourceTree = "<group>";
		};
		426735B91DF50081008830DC /* iOSSizeClassesTests */ = {
			isa = PBXGroup;
			children = (
				426735BA1DF50081008830DC /* iOSSizeClassesTests.m */,
				426735BC1DF50081008830DC /* Info.plist */,
			);
			path = iOSSizeClassesTests;
			sourceTree = "<group>";
		};
		426735C41DF50081008830DC /* iOSSizeClassesUITests */ = {
			isa = PBXGroup;
			children = (
				426735C51DF50081008830DC /* iOSSizeClassesUITests.m */,
				426735C71DF50081008830DC /* Info.plist */,
			);
			path = iOSSizeClassesUITests;
			sourceTree = "<group>";
		};
		A3177101585B3BA3CE985E49 /* Frameworks */ = {
			isa = PBXGroup;
			children = (
				5C99FAFA44A2C1915FA0A28E /* libPods-iOSSizeClasses.a */,
			);
			name = Frameworks;
			sourceTree = "<group>";
		};
		F557560B459FBEA4CEA81D6F /* Pods */ = {
			isa = PBXGroup;
			children = (
				8D285D69D0F18DBA658EED71 /* Pods-iOSSizeClasses.debug.xcconfig */,
				A382FFDE109D736258C09B55 /* Pods-iOSSizeClasses.release.xcconfig */,
			);
			name = Pods;
			sourceTree = "<group>";
		};
/* End PBXGroup section */

/* Begin PBXNativeTarget section */
		4267359C1DF50081008830DC /* iOSSizeClasses */ = {
			isa = PBXNativeTarget;
			buildConfigurationList = 426735CA1DF50081008830DC /* Build configuration list for PBXNativeTarget "iOSSizeClasses" */;
			buildPhases = (
				6D7E8CD2C9308109D0C7DF2D /* [CP] Check Pods Manifest.lock */,
				426735991DF50081008830DC /* Sources */,
				4267359A1DF50081008830DC /* Frameworks */,
				4267359B1DF50081008830DC /* Resources */,
				8C90F41BC89A03B270CCAF4C /* [CP] Embed Pods Frameworks */,
				7F651A27CC55DE2D2D144DA2 /* [CP] Copy Pods Resources */,
			);
			buildRules = (
			);
			dependencies = (
			);
			name = iOSSizeClasses;
			productName = iOSSizeClasses;
			productReference = 4267359D1DF50081008830DC /* iOSSizeClasses.app */;
			productType = "com.apple.product-type.application";
		};
		426735B51DF50081008830DC /* iOSSizeClassesTests */ = {
			isa = PBXNativeTarget;
			buildConfigurationList = 426735CD1DF50081008830DC /* Build configuration list for PBXNativeTarget "iOSSizeClassesTests" */;
			buildPhases = (
				426735B21DF50081008830DC /* Sources */,
				426735B31DF50081008830DC /* Frameworks */,
				426735B41DF50081008830DC /* Resources */,
			);
			buildRules = (
			);
			dependencies = (
				426735B81DF50081008830DC /* PBXTargetDependency */,
			);
			name = iOSSizeClassesTests;
			productName = iOSSizeClassesTests;
			productReference = 426735B61DF50081008830DC /* iOSSizeClassesTests.xctest */;
			productType = "com.apple.product-type.bundle.unit-test";
		};
		426735C01DF50081008830DC /* iOSSizeClassesUITests */ = {
			isa = PBXNativeTarget;
			buildConfigurationList = 426735D01DF50081008830DC /* Build configuration list for PBXNativeTarget "iOSSizeClassesUITests" */;
			buildPhases = (
				426735BD1DF50081008830DC /* Sources */,
				426735BE1DF50081008830DC /* Frameworks */,
				426735BF1DF50081008830DC /* Resources */,
			);
			buildRules = (
			);
			dependencies = (
				426735C31DF50081008830DC /* PBXTargetDependency */,
			);
			name = iOSSizeClassesUITests;
			productName = iOSSizeClassesUITests;
			productReference = 426735C11DF50081008830DC /* iOSSizeClassesUITests.xctest */;
			productType = "com.apple.product-type.bundle.ui-testing";
		};
/* End PBXNativeTarget section */

/* Begin PBXProject section */
		426735951DF50081008830DC /* Project object */ = {
			isa = PBXProject;
			attributes = {
				LastUpgradeCheck = 0810;
				ORGANIZATIONNAME = "黄可";
				TargetAttributes = {
					4267359C1DF50081008830DC = {
						CreatedOnToolsVersion = 8.1;
						DevelopmentTeam = 693F536PET;
						ProvisioningStyle = Automatic;
					};
					426735B51DF50081008830DC = {
						CreatedOnToolsVersion = 8.1;
						DevelopmentTeam = XXKFYLM6RG;
						ProvisioningStyle = Automatic;
						TestTargetID = 4267359C1DF50081008830DC;
					};
					426735C01DF50081008830DC = {
						CreatedOnToolsVersion = 8.1;
						DevelopmentTeam = XXKFYLM6RG;
						ProvisioningStyle = Automatic;
						TestTargetID = 4267359C1DF50081008830DC;
					};
				};
			};
			buildConfigurationList = 426735981DF50081008830DC /* Build configuration list for PBXProject "iOSSizeClasses" */;
			compatibilityVersion = "Xcode 3.2";
			developmentRegion = English;
			hasScannedForEncodings = 0;
			knownRegions = (
				en,
				Base,
			);
			mainGroup = 426735941DF50081008830DC;
			productRefGroup = 4267359E1DF50081008830DC /* Products */;
			projectDirPath = "";
			projectRoot = "";
			targets = (
				4267359C1DF50081008830DC /* iOSSizeClasses */,
				426735B51DF50081008830DC /* iOSSizeClassesTests */,
				426735C01DF50081008830DC /* iOSSizeClassesUITests */,
			);
		};
/* End PBXProject section */

/* Begin PBXResourcesBuildPhase section */
		4267359B1DF50081008830DC /* Resources */ = {
			isa = PBXResourcesBuildPhase;
			buildActionMask = 2147483647;
			files = (
				426735B01DF50081008830DC /* LaunchScreen.storyboard in Resources */,
				426735AD1DF50081008830DC /* Assets.xcassets in Resources */,
				426735AB1DF50081008830DC /* Main.storyboard in Resources */,
			);
			runOnlyForDeploymentPostprocessing = 0;
		};
		426735B41DF50081008830DC /* Resources */ = {
			isa = PBXResourcesBuildPhase;
			buildActionMask = 2147483647;
			files = (
			);
			runOnlyForDeploymentPostprocessing = 0;
		};
		426735BF1DF50081008830DC /* Resources */ = {
			isa = PBXResourcesBuildPhase;
			buildActionMask = 2147483647;
			files = (
			);
			runOnlyForDeploymentPostprocessing = 0;
		};
/* End PBXResourcesBuildPhase section */

/* Begin PBXShellScriptBuildPhase section */
		6D7E8CD2C9308109D0C7DF2D /* [CP] Check Pods Manifest.lock */ = {
			isa = PBXShellScriptBuildPhase;
			buildActionMask = 2147483647;
			files = (
			);
			inputPaths = (
				"${PODS_PODFILE_DIR_PATH}/Podfile.lock",
				"${PODS_ROOT}/Manifest.lock",
			);
			name = "[CP] Check Pods Manifest.lock";
			outputPaths = (
				"$(DERIVED_FILE_DIR)/Pods-iOSSizeClasses-checkManifestLockResult.txt",
			);
			runOnlyForDeploymentPostprocessing = 0;
			shellPath = /bin/sh;
			shellScript = "diff \"${PODS_PODFILE_DIR_PATH}/Podfile.lock\" \"${PODS_ROOT}/Manifest.lock\" > /dev/null\nif [ $? != 0 ] ; then\n    # print error to STDERR\n    echo \"error: The sandbox is not in sync with the Podfile.lock. Run 'pod install' or update your CocoaPods installation.\" >&2\n    exit 1\nfi\n# This output is used by Xcode 'outputs' to avoid re-running this script phase.\necho \"SUCCESS\" > \"${SCRIPT_OUTPUT_FILE_0}\"\n";
			showEnvVarsInLog = 0;
		};
		7F651A27CC55DE2D2D144DA2 /* [CP] Copy Pods Resources */ = {
			isa = PBXShellScriptBuildPhase;
			buildActionMask = 2147483647;
			files = (
			);
			inputPaths = (
			);
			name = "[CP] Copy Pods Resources";
			outputPaths = (
			);
			runOnlyForDeploymentPostprocessing = 0;
			shellPath = /bin/sh;
			shellScript = "\"${SRCROOT}/Pods/Target Support Files/Pods-iOSSizeClasses/Pods-iOSSizeClasses-resources.sh\"\n";
			showEnvVarsInLog = 0;
		};
		8C90F41BC89A03B270CCAF4C /* [CP] Embed Pods Frameworks */ = {
			isa = PBXShellScriptBuildPhase;
			buildActionMask = 2147483647;
			files = (
			);
			inputPaths = (
			);
			name = "[CP] Embed Pods Frameworks";
			outputPaths = (
			);
			runOnlyForDeploymentPostprocessing = 0;
			shellPath = /bin/sh;
			shellScript = "\"${SRCROOT}/Pods/Target Support Files/Pods-iOSSizeClasses/Pods-iOSSizeClasses-frameworks.sh\"\n";
			showEnvVarsInLog = 0;
		};
/* End PBXShellScriptBuildPhase section */

/* Begin PBXSourcesBuildPhase section */
		426735991DF50081008830DC /* Sources */ = {
			isa = PBXSourcesBuildPhase;
			buildActionMask = 2147483647;
			files = (
				424904DC1FE254CA0086152E /* MasUseListViewController.m in Sources */,
				424904DF1FE263300086152E /* MasBasicViewController.m in Sources */,
				424904D11FE250500086152E /* RWBaseViewController.m in Sources */,
				426735A81DF50081008830DC /* ViewController.m in Sources */,
				426735A51DF50081008830DC /* AppDelegate.m in Sources */,
				424904D61FE252B20086152E /* SampleListViewController.m in Sources */,
				426735A21DF50081008830DC /* main.m in Sources */,
			);
			runOnlyForDeploymentPostprocessing = 0;
		};
		426735B21DF50081008830DC /* Sources */ = {
			isa = PBXSourcesBuildPhase;
			buildActionMask = 2147483647;
			files = (
				426735BB1DF50081008830DC /* iOSSizeClassesTests.m in Sources */,
			);
			runOnlyForDeploymentPostprocessing = 0;
		};
		426735BD1DF50081008830DC /* Sources */ = {
			isa = PBXSourcesBuildPhase;
			buildActionMask = 2147483647;
			files = (
				426735C61DF50081008830DC /* iOSSizeClassesUITests.m in Sources */,
			);
			runOnlyForDeploymentPostprocessing = 0;
		};
/* End PBXSourcesBuildPhase section */

/* Begin PBXTargetDependency section */
		426735B81DF50081008830DC /* PBXTargetDependency */ = {
			isa = PBXTargetDependency;
			target = 4267359C1DF50081008830DC /* iOSSizeClasses */;
			targetProxy = 426735B71DF50081008830DC /* PBXContainerItemProxy */;
		};
		426735C31DF50081008830DC /* PBXTargetDependency */ = {
			isa = PBXTargetDependency;
			target = 4267359C1DF50081008830DC /* iOSSizeClasses */;
			targetProxy = 426735C21DF50081008830DC /* PBXContainerItemProxy */;
		};
/* End PBXTargetDependency section */

/* Begin PBXVariantGroup section */
		426735A91DF50081008830DC /* Main.storyboard */ = {
			isa = PBXVariantGroup;
			children = (
				426735AA1DF50081008830DC /* Base */,
			);
			name = Main.storyboard;
			sourceTree = "<group>";
		};
		426735AE1DF50081008830DC /* LaunchScreen.storyboard */ = {
			isa = PBXVariantGroup;
			children = (
				426735AF1DF50081008830DC /* Base */,
			);
			name = LaunchScreen.storyboard;
			sourceTree = "<group>";
		};
/* End PBXVariantGroup section */

/* Begin XCBuildConfiguration section */
		426735C81DF50081008830DC /* Debug */ = {
			isa = XCBuildConfiguration;
			buildSettings = {
				ALWAYS_SEARCH_USER_PATHS = NO;
				CLANG_ANALYZER_NONNULL = YES;
				CLANG_CXX_LANGUAGE_STANDARD = "gnu++0x";
				CLANG_CXX_LIBRARY = "libc++";
				CLANG_ENABLE_MODULES = YES;
				CLANG_ENABLE_OBJC_ARC = YES;
				CLANG_WARN_BOOL_CONVERSION = YES;
				CLANG_WARN_CONSTANT_CONVERSION = YES;
				CLANG_WARN_DIRECT_OBJC_ISA_USAGE = YES_ERROR;
				CLANG_WARN_DOCUMENTATION_COMMENTS = YES;
				CLANG_WARN_EMPTY_BODY = YES;
				CLANG_WARN_ENUM_CONVERSION = YES;
				CLANG_WARN_INFINITE_RECURSION = YES;
				CLANG_WARN_INT_CONVERSION = YES;
				CLANG_WARN_OBJC_ROOT_CLASS = YES_ERROR;
				CLANG_WARN_SUSPICIOUS_MOVES = YES;
				CLANG_WARN_UNREACHABLE_CODE = YES;
				CLANG_WARN__DUPLICATE_METHOD_MATCH = YES;
				"CODE_SIGN_IDENTITY[sdk=iphoneos*]" = "iPhone Developer";
				COPY_PHASE_STRIP = NO;
				DEBUG_INFORMATION_FORMAT = dwarf;
				ENABLE_STRICT_OBJC_MSGSEND = YES;
				ENABLE_TESTABILITY = YES;
				GCC_C_LANGUAGE_STANDARD = gnu99;
				GCC_DYNAMIC_NO_PIC = NO;
				GCC_NO_COMMON_BLOCKS = YES;
				GCC_OPTIMIZATION_LEVEL = 0;
				GCC_PRECOMPILE_PREFIX_HEADER = YES;
				GCC_PREFIX_HEADER = " $(SRCROOT)/PrefixHeader.pch";
				GCC_PREPROCESSOR_DEFINITIONS = (
					"DEBUG=1",
					"$(inherited)",
				);
				GCC_WARN_64_TO_32_BIT_CONVERSION = YES;
				GCC_WARN_ABOUT_RETURN_TYPE = YES_ERROR;
				GCC_WARN_UNDECLARED_SELECTOR = YES;
				GCC_WARN_UNINITIALIZED_AUTOS = YES_AGGRESSIVE;
				GCC_WARN_UNUSED_FUNCTION = YES;
				GCC_WARN_UNUSED_VARIABLE = YES;
				IPHONEOS_DEPLOYMENT_TARGET = 10.1;
				MTL_ENABLE_DEBUG_INFO = YES;
				ONLY_ACTIVE_ARCH = YES;
				SDKROOT = iphoneos;
				TARGETED_DEVICE_FAMILY = "1,2";
			};
			name = Debug;
		};
		426735C91DF50081008830DC /* Release */ = {
			isa = XCBuildConfiguration;
			buildSettings = {
				ALWAYS_SEARCH_USER_PATHS = NO;
				CLANG_ANALYZER_NONNULL = YES;
				CLANG_CXX_LANGUAGE_STANDARD = "gnu++0x";
				CLANG_CXX_LIBRARY = "libc++";
				CLANG_ENABLE_MODULES = YES;
				CLANG_ENABLE_OBJC_ARC = YES;
				CLANG_WARN_BOOL_CONVERSION = YES;
				CLANG_WARN_CONSTANT_CONVERSION = YES;
				CLANG_WARN_DIRECT_OBJC_ISA_USAGE = YES_ERROR;
				CLANG_WARN_DOCUMENTATION_COMMENTS = YES;
				CLANG_WARN_EMPTY_BODY = YES;
				CLANG_WARN_ENUM_CONVERSION = YES;
				CLANG_WARN_INFINITE_RECURSION = YES;
				CLANG_WARN_INT_CONVERSION = YES;
				CLANG_WARN_OBJC_ROOT_CLASS = YES_ERROR;
				CLANG_WARN_SUSPICIOUS_MOVES = YES;
				CLANG_WARN_UNREACHABLE_CODE = YES;
				CLANG_WARN__DUPLICATE_METHOD_MATCH = YES;
				"CODE_SIGN_IDENTITY[sdk=iphoneos*]" = "iPhone Developer";
				COPY_PHASE_STRIP = NO;
				DEBUG_INFORMATION_FORMAT = "dwarf-with-dsym";
				ENABLE_NS_ASSERTIONS = NO;
				ENABLE_STRICT_OBJC_MSGSEND = YES;
				GCC_C_LANGUAGE_STANDARD = gnu99;
				GCC_NO_COMMON_BLOCKS = YES;
				GCC_PRECOMPILE_PREFIX_HEADER = YES;
				GCC_PREFIX_HEADER = " $(SRCROOT)/PrefixHeader.pch";
				GCC_WARN_64_TO_32_BIT_CONVERSION = YES;
				GCC_WARN_ABOUT_RETURN_TYPE = YES_ERROR;
				GCC_WARN_UNDECLARED_SELECTOR = YES;
				GCC_WARN_UNINITIALIZED_AUTOS = YES_AGGRESSIVE;
				GCC_WARN_UNUSED_FUNCTION = YES;
				GCC_WARN_UNUSED_VARIABLE = YES;
				IPHONEOS_DEPLOYMENT_TARGET = 10.1;
				MTL_ENABLE_DEBUG_INFO = NO;
				SDKROOT = iphoneos;
				TARGETED_DEVICE_FAMILY = "1,2";
				VALIDATE_PRODUCT = YES;
			};
			name = Release;
		};
		426735CB1DF50081008830DC /* Debug */ = {
			isa = XCBuildConfiguration;
			baseConfigurationReference = 8D285D69D0F18DBA658EED71 /* Pods-iOSSizeClasses.debug.xcconfig */;
			buildSettings = {
				ASSETCATALOG_COMPILER_APPICON_NAME = AppIcon;
				DEVELOPMENT_TEAM = 693F536PET;
				GCC_PREFIX_HEADER = iOSSizeClasses/PrefixHeader.pch;
				INFOPLIST_FILE = iOSSizeClasses/Info.plist;
				LD_RUNPATH_SEARCH_PATHS = "$(inherited) @executable_path/Frameworks";
				PRODUCT_BUNDLE_IDENTIFIER = com.sample.iOSSizeClasses;
				PRODUCT_NAME = "$(TARGET_NAME)";
			};
			name = Debug;
		};
		426735CC1DF50081008830DC /* Release */ = {
			isa = XCBuildConfiguration;
			baseConfigurationReference = A382FFDE109D736258C09B55 /* Pods-iOSSizeClasses.release.xcconfig */;
			buildSettings = {
				ASSETCATALOG_COMPILER_APPICON_NAME = AppIcon;
				DEVELOPMENT_TEAM = 693F536PET;
				GCC_PREFIX_HEADER = iOSSizeClasses/PrefixHeader.pch;
				INFOPLIST_FILE = iOSSizeClasses/Info.plist;
				LD_RUNPATH_SEARCH_PATHS = "$(inherited) @executable_path/Frameworks";
				PRODUCT_BUNDLE_IDENTIFIER = com.sample.iOSSizeClasses;
				PRODUCT_NAME = "$(TARGET_NAME)";
			};
			name = Release;
		};
		426735CE1DF50081008830DC /* Debug */ = {
			isa = XCBuildConfiguration;
			buildSettings = {
				BUNDLE_LOADER = "$(TEST_HOST)";
				DEVELOPMENT_TEAM = XXKFYLM6RG;
				INFOPLIST_FILE = iOSSizeClassesTests/Info.plist;
				LD_RUNPATH_SEARCH_PATHS = "$(inherited) @executable_path/Frameworks @loader_path/Frameworks";
				PRODUCT_BUNDLE_IDENTIFIER = com.sample.iOSSizeClassesTests;
				PRODUCT_NAME = "$(TARGET_NAME)";
				TEST_HOST = "$(BUILT_PRODUCTS_DIR)/iOSSizeClasses.app/iOSSizeClasses";
			};
			name = Debug;
		};
		426735CF1DF50081008830DC /* Release */ = {
			isa = XCBuildConfiguration;
			buildSettings = {
				BUNDLE_LOADER = "$(TEST_HOST)";
				DEVELOPMENT_TEAM = XXKFYLM6RG;
				INFOPLIST_FILE = iOSSizeClassesTests/Info.plist;
				LD_RUNPATH_SEARCH_PATHS = "$(inherited) @executable_path/Frameworks @loader_path/Frameworks";
				PRODUCT_BUNDLE_IDENTIFIER = com.sample.iOSSizeClassesTests;
				PRODUCT_NAME = "$(TARGET_NAME)";
				TEST_HOST = "$(BUILT_PRODUCTS_DIR)/iOSSizeClasses.app/iOSSizeClasses";
			};
			name = Release;
		};
		426735D11DF50081008830DC /* Debug */ = {
			isa = XCBuildConfiguration;
			buildSettings = {
				DEVELOPMENT_TEAM = XXKFYLM6RG;
				INFOPLIST_FILE = iOSSizeClassesUITests/Info.plist;
				LD_RUNPATH_SEARCH_PATHS = "$(inherited) @executable_path/Frameworks @loader_path/Frameworks";
				PRODUCT_BUNDLE_IDENTIFIER = com.sample.iOSSizeClassesUITests;
				PRODUCT_NAME = "$(TARGET_NAME)";
				TEST_TARGET_NAME = iOSSizeClasses;
			};
			name = Debug;
		};
		426735D21DF50081008830DC /* Release */ = {
			isa = XCBuildConfiguration;
			buildSettings = {
				DEVELOPMENT_TEAM = XXKFYLM6RG;
				INFOPLIST_FILE = iOSSizeClassesUITests/Info.plist;
				LD_RUNPATH_SEARCH_PATHS = "$(inherited) @executable_path/Frameworks @loader_path/Frameworks";
				PRODUCT_BUNDLE_IDENTIFIER = com.sample.iOSSizeClassesUITests;
				PRODUCT_NAME = "$(TARGET_NAME)";
				TEST_TARGET_NAME = iOSSizeClasses;
			};
			name = Release;
		};
/* End XCBuildConfiguration section */

/* Begin XCConfigurationList section */
		426735981DF50081008830DC /* Build configuration list for PBXProject "iOSSizeClasses" */ = {
			isa = XCConfigurationList;
			buildConfigurations = (
				426735C81DF50081008830DC /* Debug */,
				426735C91DF50081008830DC /* Release */,
			);
			defaultConfigurationIsVisible = 0;
			defaultConfigurationName = Release;
		};
		426735CA1DF50081008830DC /* Build configuration list for PBXNativeTarget "iOSSizeClasses" */ = {
			isa = XCConfigurationList;
			buildConfigurations = (
				426735CB1DF50081008830DC /* Debug */,
				426735CC1DF50081008830DC /* Release */,
			);
			defaultConfigurationIsVisible = 0;
			defaultConfigurationName = Release;
		};
		426735CD1DF50081008830DC /* Build configuration list for PBXNativeTarget "iOSSizeClassesTests" */ = {
			isa = XCConfigurationList;
			buildConfigurations = (
				426735CE1DF50081008830DC /* Debug */,
				426735CF1DF50081008830DC /* Release */,
			);
			defaultConfigurationIsVisible = 0;
			defaultConfigurationName = Release;
		};
		426735D01DF50081008830DC /* Build configuration list for PBXNativeTarget "iOSSizeClassesUITests" */ = {
			isa = XCConfigurationList;
			buildConfigurations = (
				426735D11DF50081008830DC /* Debug */,
				426735D21DF50081008830DC /* Release */,
			);
			defaultConfigurationIsVisible = 0;
			defaultConfigurationName = Release;
		};
/* End XCConfigurationList section */
	};
	rootObject = 426735951DF50081008830DC /* Project object */;
}
