// !$*UTF8*$!
{
	archiveVersion = 1;
	classes = {
	};
	objectVersion = 46;
	objects = {

/* Begin PBXBuildFile section */
		424904D11FE250500086152E /* RWBaseViewController.m in Sources */ = {isa = PBXBuildFile; fileRef = 424904D01FE250500086152E /* RWBaseViewController.m */; };
		424904D61FE252B20086152E /* SampleListViewController.m in Sources */ = {isa = PBXBuildFile; fileRef = 424904D51FE252B20086152E /* SampleListViewController.m */; };
		424904DC1FE254CA0086152E /* MasUseListViewController.m in Sources */ = {isa = PBXBuildFile; fileRef = 424904DB1FE254CA0086152E /* MasUseListViewController.m */; };
		424904DF1FE263300086152E /* MasBasicViewController.m in Sources */ = {isa = PBXBuildFile; fileRef = 424904DE1FE263300086152E /* MasBasicViewController.m */; };
		426735A21DF50081008830DC /* main.m in Sources */ = {isa = PBXBuildFile; fileRef = 426735A11DF50081008830DC /* main.m */; };
		426735A51DF50081008830DC /* AppDelegate.m in Sources */ = {isa = PBXBuildFile; fileRef = 426735A41DF50081008830DC /* AppDelegate.m */; };
		426735A81DF50081008830DC /* ViewController.m in Sources */ = {isa = PBXBuildFile; fileRef = 426735A71DF50081008830DC /* ViewController.m */; };
		426735AB1DF50081008830DC /* Main.storyboard in Resources */ = {isa = PBXBuildFile; fileRef = 426735A91DF50081008830DC /* Main.storyboard */; };
		426735AD1DF50081008830DC /* Assets.xcassets in Resources */ = {isa = PBXBuildFile; fileRef = 426735AC1DF50081008830DC /* Assets.xcassets */; };
		426735B01DF50081008830DC /* LaunchScreen.storyboard in Resources */ = {isa = PBXBuildFile; fileRef = 426735AE1DF50081008830DC /* LaunchScreen.storyboard */; };
		426735BB1DF50081008830DC /* iOSSizeClassesTests.m in Sources */ = {isa = PBXBuildFile; fileRef = 426735BA1DF50081008830DC /* iOSSizeClassesTests.m */; };
		426735C61DF50081008830DC /* iOSSizeClassesUITests.m in Sources */ = {isa = PBXBuildFile; fileRef = 426735C51DF50081008830DC /* iOSSizeClassesUITests.m */; };
		42AC85911FE3705200CDDB9B /* AVFoundation.framework in Frameworks */ = {isa = PBXBuildFile; fileRef = 42AC85901FE3705200CDDB9B /* AVFoundation.framework */; };
		42AC85931FE3705900CDDB9B /* CoreMedia.framework in Frameworks */ = {isa = PBXBuildFile; fileRef = 42AC85921FE3705800CDDB9B /* CoreMedia.framework */; };
		42AC85951FE3706100CDDB9B /* CoreGraphics.framework in Frameworks */ = {isa = PBXBuildFile; fileRef = 42AC85941FE3706100CDDB9B /* CoreGraphics.framework */; };
		42AC85971FE3706700CDDB9B /* CoreImage.framework in Frameworks */ = {isa = PBXBuildFile; fileRef = 42AC85961FE3706700CDDB9B /* CoreImage.framework */; };
		42AC85991FE3706F00CDDB9B /* UIKit.framework in Frameworks */ = {isa = PBXBuildFile; fileRef = 42AC85981FE3706F00CDDB9B /* UIKit.framework */; };
		76223A3921509AB600BB0599 /* RWHeaderView.m in Sources */ = {isa = PBXBuildFile; fileRef = 76223A3821509AB600BB0599 /* RWHeaderView.m */; };
		76223A3C2150A10D00BB0599 /* RWFooterView.m in Sources */ = {isa = PBXBuildFile; fileRef = 76223A3B2150A10D00BB0599 /* RWFooterView.m */; };
		76223A3F2150D5A300BB0599 /* RWFloatView.m in Sources */ = {isa = PBXBuildFile; fileRef = 76223A3E2150D5A300BB0599 /* RWFloatView.m */; };
		76E2FA792177344B00A3D0AB /* AppDelegate+JLRoutesRegister.m in Sources */ = {isa = PBXBuildFile; fileRef = 76E2FA782177344B00A3D0AB /* AppDelegate+JLRoutesRegister.m */; };
		8AF32E9B22438307002A76BD /* RWUsageListViewController.m in Sources */ = {isa = PBXBuildFile; fileRef = 8AF32E9A22438307002A76BD /* RWUsageListViewController.m */; };
		8AF32E9E22438380002A76BD /* UIKitUsageListViewController.m in Sources */ = {isa = PBXBuildFile; fileRef = 8AF32E9D22438380002A76BD /* UIKitUsageListViewController.m */; };
		8AF32EA1224383B5002A76BD /* RWUITextFieldVC.m in Sources */ = {isa = PBXBuildFile; fileRef = 8AF32EA0224383B5002A76BD /* RWUITextFieldVC.m */; };
		ED4AFC42E801E2BE9684E1C7 /* libPods-iOSSizeClasses.a in Frameworks */ = {isa = PBXBuildFile; fileRef = 5C99FAFA44A2C1915FA0A28E /* libPods-iOSSizeClasses.a */; };
/* End PBXBuildFile section */

/* Begin PBXContainerItemProxy section */
		426735B71DF50081008830DC /* PBXContainerItemProxy */ = {
			isa = PBXContainerItemProxy;
			containerPortal = 426735951DF50081008830DC /* Project object */;
			proxyType = 1;
			remoteGlobalIDString = 4267359C1DF50081008830DC;
			remoteInfo = iOSSizeClasses;
		};
		426735C21DF50081008830DC /* PBXContainerItemProxy */ = {
			isa = PBXContainerItemProxy;
			containerPortal = 426735951DF50081008830DC /* Project object */;
			proxyType = 1;
			remoteGlobalIDString = 4267359C1DF50081008830DC;
			remoteInfo = iOSSizeClasses;
		};
/* End PBXContainerItemProxy section */

/* Begin PBXFileReference section */
		424904CE1FE24D120086152E /* PrefixHeader.pch */ = {isa = PBXFileReference; lastKnownFileType = sourcecode.c.h; path = PrefixHeader.pch; sourceTree = "<group>"; };
		424904CF1FE250500086152E /* RWBaseViewController.h */ = {isa = PBXFileReference; lastKnownFileType = sourcecode.c.h; path = RWBaseViewController.h; sourceTree = "<group>"; };
		424904D01FE250500086152E /* RWBaseViewController.m */ = {isa = PBXFileReference; lastKnownFileType = sourcecode.c.objc; path = RWBaseViewController.m; sourceTree = "<group>"; };
		424904D41FE252B20086152E /* SampleListViewController.h */ = {isa = PBXFileReference; lastKnownFileType = sourcecode.c.h; path = SampleListViewController.h; sourceTree = "<group>"; };
		424904D51FE252B20086152E /* SampleListViewController.m */ = {isa = PBXFileReference; lastKnownFileType = sourcecode.c.objc; path = SampleListViewController.m; sourceTree = "<group>"; };
		424904DA1FE254CA0086152E /* MasUseListViewController.h */ = {isa = PBXFileReference; lastKnownFileType = sourcecode.c.h; path = MasUseListViewController.h; sourceTree = "<group>"; };
		424904DB1FE254CA0086152E /* MasUseListViewController.m */ = {isa = PBXFileReference; lastKnownFileType = sourcecode.c.objc; path = MasUseListViewController.m; sourceTree = "<group>"; };
		424904DD1FE263300086152E /* MasBasicViewController.h */ = {isa = PBXFileReference; lastKnownFileType = sourcecode.c.h; path = MasBasicViewController.h; sourceTree = "<group>"; };
		424904DE1FE263300086152E /* MasBasicViewController.m */ = {isa = PBXFileReference; lastKnownFileType = sourcecode.c.objc; path = MasBasicViewController.m; sourceTree = "<group>"; };
		4267359D1DF50081008830DC /* iOSSizeClasses.app */ = {isa = PBXFileReference; explicitFileType = wrapper.application; includeInIndex = 0; path = iOSSizeClasses.app; sourceTree = BUILT_PRODUCTS_DIR; };
		426735A11DF50081008830DC /* main.m */ = {isa = PBXFileReference; lastKnownFileType = sourcecode.c.objc; path = main.m; sourceTree = "<group>"; };
		426735A31DF50081008830DC /* AppDelegate.h */ = {isa = PBXFileReference; lastKnownFileType = sourcecode.c.h; path = AppDelegate.h; sourceTree = "<group>"; };
		426735A41DF50081008830DC /* AppDelegate.m */ = {isa = PBXFileReference; lastKnownFileType = sourcecode.c.objc; path = AppDelegate.m; sourceTree = "<group>"; };
		426735A61DF50081008830DC /* ViewController.h */ = {isa = PBXFileReference; lastKnownFileType = sourcecode.c.h; path = ViewController.h; sourceTree = "<group>"; };
		426735A71DF50081008830DC /* ViewController.m */ = {isa = PBXFileReference; lastKnownFileType = sourcecode.c.objc; path = ViewController.m; sourceTree = "<group>"; };
		426735AA1DF50081008830DC /* Base */ = {isa = PBXFileReference; lastKnownFileType = file.storyboard; name = Base; path = Base.lproj/Main.storyboard; sourceTree = "<group>"; };
		426735AC1DF50081008830DC /* Assets.xcassets */ = {isa = PBXFileReference; lastKnownFileType = folder.assetcatalog; path = Assets.xcassets; sourceTree = "<group>"; };
		426735AF1DF50081008830DC /* Base */ = {isa = PBXFileReference; lastKnownFileType = file.storyboard; name = Base; path = Base.lproj/LaunchScreen.storyboard; sourceTree = "<group>"; };
		426735B11DF50081008830DC /* Info.plist */ = {isa = PBXFileReference; lastKnownFileType = text.plist.xml; path = Info.plist; sourceTree = "<group>"; };
		426735B61DF50081008830DC /* iOSSizeClassesTests.xctest */ = {isa = PBXFileReference; explicitFileType = wrapper.cfbundle; includeInIndex = 0; path = iOSSizeClassesTests.xctest; sourceTree = BUILT_PRODUCTS_DIR; };
		426735BA1DF50081008830DC /* iOSSizeClassesTests.m */ = {isa = PBXFileReference; lastKnownFileType = sourcecode.c.objc; path = iOSSizeClassesTests.m; sourceTree = "<group>"; };
		426735BC1DF50081008830DC /* Info.plist */ = {isa = PBXFileReference; lastKnownFileType = text.plist.xml; path = Info.plist; sourceTree = "<group>"; };
		426735C11DF50081008830DC /* iOSSizeClassesUITests.xctest */ = {isa = PBXFileReference; explicitFileType = wrapper.cfbundle; includeInIndex = 0; path = iOSSizeClassesUITests.xctest; sourceTree = BUILT_PRODUCTS_DIR; };
		426735C51DF50081008830DC /* iOSSizeClassesUITests.m */ = {isa = PBXFileReference; lastKnownFileType = sourcecode.c.objc; path = iOSSizeClassesUITests.m; sourceTree = "<group>"; };
		426735C71DF50081008830DC /* Info.plist */ = {isa = PBXFileReference; lastKnownFileType = text.plist.xml; path = Info.plist; sourceTree = "<group>"; };
		42AC85901FE3705200CDDB9B /* AVFoundation.framework */ = {isa = PBXFileReference; lastKnownFileType = wrapper.framework; name = AVFoundation.framework; path = System/Library/Frameworks/AVFoundation.framework; sourceTree = SDKROOT; };
		42AC85921FE3705800CDDB9B /* CoreMedia.framework */ = {isa = PBXFileReference; lastKnownFileType = wrapper.framework; name = CoreMedia.framework; path = System/Library/Frameworks/CoreMedia.framework; sourceTree = SDKROOT; };
		42AC85941FE3706100CDDB9B /* CoreGraphics.framework */ = {isa = PBXFileReference; lastKnownFileType = wrapper.framework; name = CoreGraphics.framework; path = System/Library/Frameworks/CoreGraphics.framework; sourceTree = SDKROOT; };
		42AC85961FE3706700CDDB9B /* CoreImage.framework */ = {isa = PBXFileReference; lastKnownFileType = wrapper.framework; name = CoreImage.framework; path = System/Library/Frameworks/CoreImage.framework; sourceTree = SDKROOT; };
		42AC85981FE3706F00CDDB9B /* UIKit.framework */ = {isa = PBXFileReference; lastKnownFileType = wrapper.framework; name = UIKit.framework; path = System/Library/Frameworks/UIKit.framework; sourceTree = SDKROOT; };
		5C99FAFA44A2C1915FA0A28E /* libPods-iOSSizeClasses.a */ = {isa = PBXFileReference; explicitFileType = archive.ar; includeInIndex = 0; path = "libPods-iOSSizeClasses.a"; sourceTree = BUILT_PRODUCTS_DIR; };
		76223A3721509AB600BB0599 /* RWHeaderView.h */ = {isa = PBXFileReference; lastKnownFileType = sourcecode.c.h; path = RWHeaderView.h; sourceTree = "<group>"; };
		76223A3821509AB600BB0599 /* RWHeaderView.m */ = {isa = PBXFileReference; lastKnownFileType = sourcecode.c.objc; path = RWHeaderView.m; sourceTree = "<group>"; };
		76223A3A2150A10D00BB0599 /* RWFooterView.h */ = {isa = PBXFileReference; lastKnownFileType = sourcecode.c.h; path = RWFooterView.h; sourceTree = "<group>"; };
		76223A3B2150A10D00BB0599 /* RWFooterView.m */ = {isa = PBXFileReference; lastKnownFileType = sourcecode.c.objc; path = RWFooterView.m; sourceTree = "<group>"; };
		76223A3D2150D5A300BB0599 /* RWFloatView.h */ = {isa = PBXFileReference; lastKnownFileType = sourcecode.c.h; path = RWFloatView.h; sourceTree = "<group>"; };
		76223A3E2150D5A300BB0599 /* RWFloatView.m */ = {isa = PBXFileReference; lastKnownFileType = sourcecode.c.objc; path = RWFloatView.m; sourceTree = "<group>"; };
		76223A402150DD5C00BB0599 /* RWCommonMacro.h */ = {isa = PBXFileReference; lastKnownFileType = sourcecode.c.h; path = RWCommonMacro.h; sourceTree = "<group>"; };
		76E2FA772177344B00A3D0AB /* AppDelegate+JLRoutesRegister.h */ = {isa = PBXFileReference; lastKnownFileType = sourcecode.c.h; path = "AppDelegate+JLRoutesRegister.h"; sourceTree = "<group>"; };
		76E2FA782177344B00A3D0AB /* AppDelegate+JLRoutesRegister.m */ = {isa = PBXFileReference; lastKnownFileType = sourcecode.c.objc; path = "AppDelegate+JLRoutesRegister.m"; sourceTree = "<group>"; };
		8AF32E9922438307002A76BD /* RWUsageListViewController.h */ = {isa = PBXFileReference; lastKnownFileType = sourcecode.c.h; path = RWUsageListViewController.h; sourceTree = "<group>"; };
		8AF32E9A22438307002A76BD /* RWUsageListViewController.m */ = {isa = PBXFileReference; lastKnownFileType = sourcecode.c.objc; path = RWUsageListViewController.m; sourceTree = "<group>"; };
		8AF32E9C22438380002A76BD /* UIKitUsageListViewController.h */ = {isa = PBXFileReference; lastKnownFileType = sourcecode.c.h; path = UIKitUsageListViewController.h; sourceTree = "<group>"; };
		8AF32E9D22438380002A76BD /* UIKitUsageListViewController.m */ = {isa = PBXFileReference; lastKnownFileType = sourcecode.c.objc; path = UIKitUsageListViewController.m; sourceTree = "<group>"; };
		8AF32E9F224383B5002A76BD /* RWUITextFieldVC.h */ = {isa = PBXFileReference; lastKnownFileType = sourcecode.c.h; path = RWUITextFieldVC.h; sourceTree = "<group>"; };
		8AF32EA0224383B5002A76BD /* RWUITextFieldVC.m */ = {isa = PBXFileReference; lastKnownFileType = sourcecode.c.objc; path = RWUITextFieldVC.m; sourceTree = "<group>"; };
		A4C876E5217F46E6E47639C5 /* Pods-iOSSizeClasses.debug.xcconfig */ = {isa = PBXFileReference; includeInIndex = 1; lastKnownFileType = text.xcconfig; name = "Pods-iOSSizeClasses.debug.xcconfig"; path = "Pods/Target Support Files/Pods-iOSSizeClasses/Pods-iOSSizeClasses.debug.xcconfig"; sourceTree = "<group>"; };
		D49C2D767A4ED4585B579A84 /* Pods-iOSSizeClasses.release.xcconfig */ = {isa = PBXFileReference; includeInIndex = 1; lastKnownFileType = text.xcconfig; name = "Pods-iOSSizeClasses.release.xcconfig"; path = "Pods/Target Support Files/Pods-iOSSizeClasses/Pods-iOSSizeClasses.release.xcconfig"; sourceTree = "<group>"; };
/* End PBXFileReference section */

/* Begin PBXFrameworksBuildPhase section */
		4267359A1DF50081008830DC /* Frameworks */ = {
			isa = PBXFrameworksBuildPhase;
			buildActionMask = 2147483647;
			files = (
				42AC85991FE3706F00CDDB9B /* UIKit.framework in Frameworks */,
				42AC85971FE3706700CDDB9B /* CoreImage.framework in Frameworks */,
				42AC85951FE3706100CDDB9B /* CoreGraphics.framework in Frameworks */,
				42AC85931FE3705900CDDB9B /* CoreMedia.framework in Frameworks */,
				42AC85911FE3705200CDDB9B /* AVFoundation.framework in Frameworks */,
				ED4AFC42E801E2BE9684E1C7 /* libPods-iOSSizeClasses.a in Frameworks */,
			);
			runOnlyForDeploymentPostprocessing = 0;
		};
		426735B31DF50081008830DC /* Frameworks */ = {
			isa = PBXFrameworksBuildPhase;
			buildActionMask = 2147483647;
			files = (
			);
			runOnlyForDeploymentPostprocessing = 0;
		};
		426735BE1DF50081008830DC /* Frameworks */ = {
			isa = PBXFrameworksBuildPhase;
			buildActionMask = 2147483647;
			files = (
			);
			runOnlyForDeploymentPostprocessing = 0;
		};
/* End PBXFrameworksBuildPhase section */

/* Begin PBXGroup section */
		426735941DF50081008830DC = {
			isa = PBXGroup;
			children = (
				4267359F1DF50081008830DC /* iOSSizeClasses */,
				426735B91DF50081008830DC /* iOSSizeClassesTests */,
				426735C41DF50081008830DC /* iOSSizeClassesUITests */,
				4267359E1DF50081008830DC /* Products */,
				F557560B459FBEA4CEA81D6F /* Pods */,
				A3177101585B3BA3CE985E49 /* Frameworks */,
			);
			sourceTree = "<group>";
		};
		4267359E1DF50081008830DC /* Products */ = {
			isa = PBXGroup;
			children = (
				4267359D1DF50081008830DC /* iOSSizeClasses.app */,
				426735B61DF50081008830DC /* iOSSizeClassesTests.xctest */,
				426735C11DF50081008830DC /* iOSSizeClassesUITests.xctest */,
			);
			name = Products;
			sourceTree = "<group>";
		};
		4267359F1DF50081008830DC /* iOSSizeClasses */ = {
			isa = PBXGroup;
			children = (
				8AF32E9722438283002A76BD /* Function */,
				76E2FA762177342F00A3D0AB /* Category */,
				76223A3621509A7200BB0599 /* Entry */,
				426735A31DF50081008830DC /* AppDelegate.h */,
				426735A41DF50081008830DC /* AppDelegate.m */,
				426735A91DF50081008830DC /* Main.storyboard */,
				426735AC1DF50081008830DC /* Assets.xcassets */,
				426735AE1DF50081008830DC /* LaunchScreen.storyboard */,
				426735B11DF50081008830DC /* Info.plist */,
				426735A01DF50081008830DC /* Supporting Files */,
				76E2FA7E2177382C00A3D0AB /* BaseViewController */,
			);
			path = iOSSizeClasses;
			sourceTree = "<group>";
		};
		426735A01DF50081008830DC /* Supporting Files */ = {
			isa = PBXGroup;
			children = (
				424904CE1FE24D120086152E /* PrefixHeader.pch */,
				426735A11DF50081008830DC /* main.m */,
				76223A402150DD5C00BB0599 /* RWCommonMacro.h */,
			);
			name = "Supporting Files";
			sourceTree = "<group>";
		};
		426735B91DF50081008830DC /* iOSSizeClassesTests */ = {
			isa = PBXGroup;
			children = (
				426735BA1DF50081008830DC /* iOSSizeClassesTests.m */,
				426735BC1DF50081008830DC /* Info.plist */,
			);
			path = iOSSizeClassesTests;
			sourceTree = "<group>";
		};
		426735C41DF50081008830DC /* iOSSizeClassesUITests */ = {
			isa = PBXGroup;
			children = (
				426735C51DF50081008830DC /* iOSSizeClassesUITests.m */,
				426735C71DF50081008830DC /* Info.plist */,
			);
			path = iOSSizeClassesUITests;
			sourceTree = "<group>";
		};
		76223A3621509A7200BB0599 /* Entry */ = {
			isa = PBXGroup;
			children = (
				424904D41FE252B20086152E /* SampleListViewController.h */,
				424904D51FE252B20086152E /* SampleListViewController.m */,
				76223A3721509AB600BB0599 /* RWHeaderView.h */,
				76223A3821509AB600BB0599 /* RWHeaderView.m */,
				76223A3A2150A10D00BB0599 /* RWFooterView.h */,
				76223A3B2150A10D00BB0599 /* RWFooterView.m */,
				76223A3D2150D5A300BB0599 /* RWFloatView.h */,
				76223A3E2150D5A300BB0599 /* RWFloatView.m */,
			);
			path = Entry;
			sourceTree = "<group>";
		};
		76E2FA762177342F00A3D0AB /* Category */ = {
			isa = PBXGroup;
			children = (
				76E2FA772177344B00A3D0AB /* AppDelegate+JLRoutesRegister.h */,
				76E2FA782177344B00A3D0AB /* AppDelegate+JLRoutesRegister.m */,
			);
			path = Category;
			sourceTree = "<group>";
		};
		76E2FA7B2177379A00A3D0AB /* MasonryUsage */ = {
			isa = PBXGroup;
			children = (
				424904DA1FE254CA0086152E /* MasUseListViewController.h */,
				424904DB1FE254CA0086152E /* MasUseListViewController.m */,
				424904DD1FE263300086152E /* MasBasicViewController.h */,
				424904DE1FE263300086152E /* MasBasicViewController.m */,
			);
			path = MasonryUsage;
			sourceTree = "<group>";
		};
		76E2FA7D217737E200A3D0AB /* SizeClassesUsage */ = {
			isa = PBXGroup;
			children = (
				426735A61DF50081008830DC /* ViewController.h */,
				426735A71DF50081008830DC /* ViewController.m */,
			);
			path = SizeClassesUsage;
			sourceTree = "<group>";
		};
		76E2FA7E2177382C00A3D0AB /* BaseViewController */ = {
			isa = PBXGroup;
			children = (
				424904CF1FE250500086152E /* RWBaseViewController.h */,
				424904D01FE250500086152E /* RWBaseViewController.m */,
				8AF32E9922438307002A76BD /* RWUsageListViewController.h */,
				8AF32E9A22438307002A76BD /* RWUsageListViewController.m */,
			);
			path = BaseViewController;
			sourceTree = "<group>";
		};
		8AF32E9722438283002A76BD /* Function */ = {
			isa = PBXGroup;
			children = (
				8AF32E98224382D7002A76BD /* UIKitUsage */,
				76E2FA7D217737E200A3D0AB /* SizeClassesUsage */,
				76E2FA7B2177379A00A3D0AB /* MasonryUsage */,
			);
			path = Function;
			sourceTree = "<group>";
		};
		8AF32E98224382D7002A76BD /* UIKitUsage */ = {
			isa = PBXGroup;
			children = (
				8AF32E9C22438380002A76BD /* UIKitUsageListViewController.h */,
				8AF32E9D22438380002A76BD /* UIKitUsageListViewController.m */,
				8AF32E9F224383B5002A76BD /* RWUITextFieldVC.h */,
				8AF32EA0224383B5002A76BD /* RWUITextFieldVC.m */,
			);
			path = UIKitUsage;
			sourceTree = "<group>";
		};
		A3177101585B3BA3CE985E49 /* Frameworks */ = {
			isa = PBXGroup;
			children = (
				42AC85981FE3706F00CDDB9B /* UIKit.framework */,
				42AC85961FE3706700CDDB9B /* CoreImage.framework */,
				42AC85941FE3706100CDDB9B /* CoreGraphics.framework */,
				42AC85921FE3705800CDDB9B /* CoreMedia.framework */,
				42AC85901FE3705200CDDB9B /* AVFoundation.framework */,
				5C99FAFA44A2C1915FA0A28E /* libPods-iOSSizeClasses.a */,
			);
			name = Frameworks;
			sourceTree = "<group>";
		};
		F557560B459FBEA4CEA81D6F /* Pods */ = {
			isa = PBXGroup;
			children = (
				A4C876E5217F46E6E47639C5 /* Pods-iOSSizeClasses.debug.xcconfig */,
				D49C2D767A4ED4585B579A84 /* Pods-iOSSizeClasses.release.xcconfig */,
			);
			name = Pods;
			sourceTree = "<group>";
		};
/* End PBXGroup section */

/* Begin PBXNativeTarget section */
		4267359C1DF50081008830DC /* iOSSizeClasses */ = {
			isa = PBXNativeTarget;
			buildConfigurationList = 426735CA1DF50081008830DC /* Build configuration list for PBXNativeTarget "iOSSizeClasses" */;
			buildPhases = (
				6D7E8CD2C9308109D0C7DF2D /* [CP] Check Pods Manifest.lock */,
				426735991DF50081008830DC /* Sources */,
				4267359A1DF50081008830DC /* Frameworks */,
				4267359B1DF50081008830DC /* Resources */,
				E31B58169D91623762921D50 /* [CP] Copy Pods Resources */,
			);
			buildRules = (
			);
			dependencies = (
			);
			name = iOSSizeClasses;
			productName = iOSSizeClasses;
			productReference = 4267359D1DF50081008830DC /* iOSSizeClasses.app */;
			productType = "com.apple.product-type.application";
		};
		426735B51DF50081008830DC /* iOSSizeClassesTests */ = {
			isa = PBXNativeTarget;
			buildConfigurationList = 426735CD1DF50081008830DC /* Build configuration list for PBXNativeTarget "iOSSizeClassesTests" */;
			buildPhases = (
				426735B21DF50081008830DC /* Sources */,
				426735B31DF50081008830DC /* Frameworks */,
				426735B41DF50081008830DC /* Resources */,
			);
			buildRules = (
			);
			dependencies = (
				426735B81DF50081008830DC /* PBXTargetDependency */,
			);
			name = iOSSizeClassesTests;
			productName = iOSSizeClassesTests;
			productReference = 426735B61DF50081008830DC /* iOSSizeClassesTests.xctest */;
			productType = "com.apple.product-type.bundle.unit-test";
		};
		426735C01DF50081008830DC /* iOSSizeClassesUITests */ = {
			isa = PBXNativeTarget;
			buildConfigurationList = 426735D01DF50081008830DC /* Build configuration list for PBXNativeTarget "iOSSizeClassesUITests" */;
			buildPhases = (
				426735BD1DF50081008830DC /* Sources */,
				426735BE1DF50081008830DC /* Frameworks */,
				426735BF1DF50081008830DC /* Resources */,
			);
			buildRules = (
			);
			dependencies = (
				426735C31DF50081008830DC /* PBXTargetDependency */,
			);
			name = iOSSizeClassesUITests;
			productName = iOSSizeClassesUITests;
			productReference = 426735C11DF50081008830DC /* iOSSizeClassesUITests.xctest */;
			productType = "com.apple.product-type.bundle.ui-testing";
		};
/* End PBXNativeTarget section */

/* Begin PBXProject section */
		426735951DF50081008830DC /* Project object */ = {
			isa = PBXProject;
			attributes = {
				LastUpgradeCheck = 1000;
				ORGANIZATIONNAME = "黄可";
				TargetAttributes = {
					4267359C1DF50081008830DC = {
						CreatedOnToolsVersion = 8.1;
						DevelopmentTeam = 693F536PET;
						ProvisioningStyle = Automatic;
					};
					426735B51DF50081008830DC = {
						CreatedOnToolsVersion = 8.1;
						DevelopmentTeam = 693F536PET;
						ProvisioningStyle = Automatic;
						TestTargetID = 4267359C1DF50081008830DC;
					};
					426735C01DF50081008830DC = {
						CreatedOnToolsVersion = 8.1;
						DevelopmentTeam = 693F536PET;
						ProvisioningStyle = Automatic;
						TestTargetID = 4267359C1DF50081008830DC;
					};
				};
			};
			buildConfigurationList = 426735981DF50081008830DC /* Build configuration list for PBXProject "iOSSizeClasses" */;
			compatibilityVersion = "Xcode 3.2";
			developmentRegion = English;
			hasScannedForEncodings = 0;
			knownRegions = (
				en,
				Base,
			);
			mainGroup = 426735941DF50081008830DC;
			productRefGroup = 4267359E1DF50081008830DC /* Products */;
			projectDirPath = "";
			projectRoot = "";
			targets = (
				4267359C1DF50081008830DC /* iOSSizeClasses */,
				426735B51DF50081008830DC /* iOSSizeClassesTests */,
				426735C01DF50081008830DC /* iOSSizeClassesUITests */,
			);
		};
/* End PBXProject section */

/* Begin PBXResourcesBuildPhase section */
		4267359B1DF50081008830DC /* Resources */ = {
			isa = PBXResourcesBuildPhase;
			buildActionMask = 2147483647;
			files = (
				426735B01DF50081008830DC /* LaunchScreen.storyboard in Resources */,
				426735AD1DF50081008830DC /* Assets.xcassets in Resources */,
				426735AB1DF50081008830DC /* Main.storyboard in Resources */,
			);
			runOnlyForDeploymentPostprocessing = 0;
		};
		426735B41DF50081008830DC /* Resources */ = {
			isa = PBXResourcesBuildPhase;
			buildActionMask = 2147483647;
			files = (
			);
			runOnlyForDeploymentPostprocessing = 0;
		};
		426735BF1DF50081008830DC /* Resources */ = {
			isa = PBXResourcesBuildPhase;
			buildActionMask = 2147483647;
			files = (
			);
			runOnlyForDeploymentPostprocessing = 0;
		};
/* End PBXResourcesBuildPhase section */

/* Begin PBXShellScriptBuildPhase section */
		6D7E8CD2C9308109D0C7DF2D /* [CP] Check Pods Manifest.lock */ = {
			isa = PBXShellScriptBuildPhase;
			buildActionMask = 2147483647;
			files = (
			);
			inputPaths = (
				"${PODS_PODFILE_DIR_PATH}/Podfile.lock",
				"${PODS_ROOT}/Manifest.lock",
			);
			name = "[CP] Check Pods Manifest.lock";
			outputPaths = (
				"$(DERIVED_FILE_DIR)/Pods-iOSSizeClasses-checkManifestLockResult.txt",
			);
			runOnlyForDeploymentPostprocessing = 0;
			shellPath = /bin/sh;
			shellScript = "diff \"${PODS_PODFILE_DIR_PATH}/Podfile.lock\" \"${PODS_ROOT}/Manifest.lock\" > /dev/null\nif [ $? != 0 ] ; then\n    # print error to STDERR\n    echo \"error: The sandbox is not in sync with the Podfile.lock. Run 'pod install' or update your CocoaPods installation.\" >&2\n    exit 1\nfi\n# This output is used by Xcode 'outputs' to avoid re-running this script phase.\necho \"SUCCESS\" > \"${SCRIPT_OUTPUT_FILE_0}\"\n";
			showEnvVarsInLog = 0;
		};
		E31B58169D91623762921D50 /* [CP] Copy Pods Resources */ = {
			isa = PBXShellScriptBuildPhase;
			buildActionMask = 2147483647;
			files = (
			);
			inputPaths = (
				"${SRCROOT}/Pods/Target Support Files/Pods-iOSSizeClasses/Pods-iOSSizeClasses-resources.sh",
				"${PODS_ROOT}/MJRefresh/MJRefresh/MJRefresh.bundle",
			);
			name = "[CP] Copy Pods Resources";
			outputPaths = (
				"${TARGET_BUILD_DIR}/${UNLOCALIZED_RESOURCES_FOLDER_PATH}/MJRefresh.bundle",
			);
			runOnlyForDeploymentPostprocessing = 0;
			shellPath = /bin/sh;
			shellScript = "\"${SRCROOT}/Pods/Target Support Files/Pods-iOSSizeClasses/Pods-iOSSizeClasses-resources.sh\"\n";
			showEnvVarsInLog = 0;
		};
/* End PBXShellScriptBuildPhase section */

/* Begin PBXSourcesBuildPhase section */
		426735991DF50081008830DC /* Sources */ = {
			isa = PBXSourcesBuildPhase;
			buildActionMask = 2147483647;
			files = (
				76223A3F2150D5A300BB0599 /* RWFloatView.m in Sources */,
				424904DC1FE254CA0086152E /* MasUseListViewController.m in Sources */,
				76E2FA792177344B00A3D0AB /* AppDelegate+JLRoutesRegister.m in Sources */,
				8AF32EA1224383B5002A76BD /* RWUITextFieldVC.m in Sources */,
				424904DF1FE263300086152E /* MasBasicViewController.m in Sources */,
				424904D11FE250500086152E /* RWBaseViewController.m in Sources */,
				426735A81DF50081008830DC /* ViewController.m in Sources */,
				426735A51DF50081008830DC /* AppDelegate.m in Sources */,
				8AF32E9B22438307002A76BD /* RWUsageListViewController.m in Sources */,
				424904D61FE252B20086152E /* SampleListViewController.m in Sources */,
				76223A3921509AB600BB0599 /* RWHeaderView.m in Sources */,
				8AF32E9E22438380002A76BD /* UIKitUsageListViewController.m in Sources */,
				76223A3C2150A10D00BB0599 /* RWFooterView.m in Sources */,
				426735A21DF50081008830DC /* main.m in Sources */,
			);
			runOnlyForDeploymentPostprocessing = 0;
		};
		426735B21DF50081008830DC /* Sources */ = {
			isa = PBXSourcesBuildPhase;
			buildActionMask = 2147483647;
			files = (
				426735BB1DF50081008830DC /* iOSSizeClassesTests.m in Sources */,
			);
			runOnlyForDeploymentPostprocessing = 0;
		};
		426735BD1DF50081008830DC /* Sources */ = {
			isa = PBXSourcesBuildPhase;
			buildActionMask = 2147483647;
			files = (
				426735C61DF50081008830DC /* iOSSizeClassesUITests.m in Sources */,
			);
			runOnlyForDeploymentPostprocessing = 0;
		};
/* End PBXSourcesBuildPhase section */

/* Begin PBXTargetDependency section */
		426735B81DF50081008830DC /* PBXTargetDependency */ = {
			isa = PBXTargetDependency;
			target = 4267359C1DF50081008830DC /* iOSSizeClasses */;
			targetProxy = 426735B71DF50081008830DC /* PBXContainerItemProxy */;
		};
		426735C31DF50081008830DC /* PBXTargetDependency */ = {
			isa = PBXTargetDependency;
			target = 4267359C1DF50081008830DC /* iOSSizeClasses */;
			targetProxy = 426735C21DF50081008830DC /* PBXContainerItemProxy */;
		};
/* End PBXTargetDependency section */

/* Begin PBXVariantGroup section */
		426735A91DF50081008830DC /* Main.storyboard */ = {
			isa = PBXVariantGroup;
			children = (
				426735AA1DF50081008830DC /* Base */,
			);
			name = Main.storyboard;
			sourceTree = "<group>";
		};
		426735AE1DF50081008830DC /* LaunchScreen.storyboard */ = {
			isa = PBXVariantGroup;
			children = (
				426735AF1DF50081008830DC /* Base */,
			);
			name = LaunchScreen.storyboard;
			sourceTree = "<group>";
		};
/* End PBXVariantGroup section */

/* Begin XCBuildConfiguration section */
		426735C81DF50081008830DC /* Debug */ = {
			isa = XCBuildConfiguration;
			buildSettings = {
				ALWAYS_SEARCH_USER_PATHS = NO;
				CLANG_ANALYZER_NONNULL = YES;
				CLANG_CXX_LANGUAGE_STANDARD = "gnu++0x";
				CLANG_CXX_LIBRARY = "libc++";
				CLANG_ENABLE_MODULES = YES;
				CLANG_ENABLE_OBJC_ARC = YES;
				CLANG_WARN_BLOCK_CAPTURE_AUTORELEASING = YES;
				CLANG_WARN_BOOL_CONVERSION = YES;
				CLANG_WARN_COMMA = YES;
				CLANG_WARN_CONSTANT_CONVERSION = YES;
				CLANG_WARN_DEPRECATED_OBJC_IMPLEMENTATIONS = YES;
				CLANG_WARN_DIRECT_OBJC_ISA_USAGE = YES_ERROR;
				CLANG_WARN_DOCUMENTATION_COMMENTS = YES;
				CLANG_WARN_EMPTY_BODY = YES;
				CLANG_WARN_ENUM_CONVERSION = YES;
				CLANG_WARN_INFINITE_RECURSION = YES;
				CLANG_WARN_INT_CONVERSION = YES;
				CLANG_WARN_NON_LITERAL_NULL_CONVERSION = YES;
				CLANG_WARN_OBJC_IMPLICIT_RETAIN_SELF = YES;
				CLANG_WARN_OBJC_LITERAL_CONVERSION = YES;
				CLANG_WARN_OBJC_ROOT_CLASS = YES_ERROR;
				CLANG_WARN_RANGE_LOOP_ANALYSIS = YES;
				CLANG_WARN_STRICT_PROTOTYPES = YES;
				CLANG_WARN_SUSPICIOUS_MOVE = YES;
				CLANG_WARN_SUSPICIOUS_MOVES = YES;
				CLANG_WARN_UNREACHABLE_CODE = YES;
				CLANG_WARN__DUPLICATE_METHOD_MATCH = YES;
				"CODE_SIGN_IDENTITY[sdk=iphoneos*]" = "iPhone Developer";
				COPY_PHASE_STRIP = NO;
				DEBUG_INFORMATION_FORMAT = dwarf;
				ENABLE_STRICT_OBJC_MSGSEND = YES;
				ENABLE_TESTABILITY = YES;
				GCC_C_LANGUAGE_STANDARD = gnu99;
				GCC_DYNAMIC_NO_PIC = NO;
				GCC_NO_COMMON_BLOCKS = YES;
				GCC_OPTIMIZATION_LEVEL = 0;
				GCC_PRECOMPILE_PREFIX_HEADER = YES;
				GCC_PREFIX_HEADER = " $(SRCROOT)/PrefixHeader.pch";
				GCC_PREPROCESSOR_DEFINITIONS = (
					"DEBUG=1",
					"$(inherited)",
				);
				GCC_WARN_64_TO_32_BIT_CONVERSION = YES;
				GCC_WARN_ABOUT_RETURN_TYPE = YES_ERROR;
				GCC_WARN_UNDECLARED_SELECTOR = YES;
				GCC_WARN_UNINITIALIZED_AUTOS = YES_AGGRESSIVE;
				GCC_WARN_UNUSED_FUNCTION = YES;
				GCC_WARN_UNUSED_VARIABLE = YES;
				IPHONEOS_DEPLOYMENT_TARGET = 8.0;
				MTL_ENABLE_DEBUG_INFO = YES;
				ONLY_ACTIVE_ARCH = YES;
				SDKROOT = iphoneos;
				TARGETED_DEVICE_FAMILY = "1,2";
			};
			name = Debug;
		};
		426735C91DF50081008830DC /* Release */ = {
			isa = XCBuildConfiguration;
			buildSettings = {
				ALWAYS_SEARCH_USER_PATHS = NO;
				CLANG_ANALYZER_NONNULL = YES;
				CLANG_CXX_LANGUAGE_STANDARD = "gnu++0x";
				CLANG_CXX_LIBRARY = "libc++";
				CLANG_ENABLE_MODULES = YES;
				CLANG_ENABLE_OBJC_ARC = YES;
				CLANG_WARN_BLOCK_CAPTURE_AUTORELEASING = YES;
				CLANG_WARN_BOOL_CONVERSION = YES;
				CLANG_WARN_COMMA = YES;
				CLANG_WARN_CONSTANT_CONVERSION = YES;
				CLANG_WARN_DEPRECATED_OBJC_IMPLEMENTATIONS = YES;
				CLANG_WARN_DIRECT_OBJC_ISA_USAGE = YES_ERROR;
				CLANG_WARN_DOCUMENTATION_COMMENTS = YES;
				CLANG_WARN_EMPTY_BODY = YES;
				CLANG_WARN_ENUM_CONVERSION = YES;
				CLANG_WARN_INFINITE_RECURSION = YES;
				CLANG_WARN_INT_CONVERSION = YES;
				CLANG_WARN_NON_LITERAL_NULL_CONVERSION = YES;
				CLANG_WARN_OBJC_IMPLICIT_RETAIN_SELF = YES;
				CLANG_WARN_OBJC_LITERAL_CONVERSION = YES;
				CLANG_WARN_OBJC_ROOT_CLASS = YES_ERROR;
				CLANG_WARN_RANGE_LOOP_ANALYSIS = YES;
				CLANG_WARN_STRICT_PROTOTYPES = YES;
				CLANG_WARN_SUSPICIOUS_MOVE = YES;
				CLANG_WARN_SUSPICIOUS_MOVES = YES;
				CLANG_WARN_UNREACHABLE_CODE = YES;
				CLANG_WARN__DUPLICATE_METHOD_MATCH = YES;
				"CODE_SIGN_IDENTITY[sdk=iphoneos*]" = "iPhone Developer";
				COPY_PHASE_STRIP = NO;
				DEBUG_INFORMATION_FORMAT = "dwarf-with-dsym";
				ENABLE_NS_ASSERTIONS = NO;
				ENABLE_STRICT_OBJC_MSGSEND = YES;
				GCC_C_LANGUAGE_STANDARD = gnu99;
				GCC_NO_COMMON_BLOCKS = YES;
				GCC_PRECOMPILE_PREFIX_HEADER = YES;
				GCC_PREFIX_HEADER = " $(SRCROOT)/PrefixHeader.pch";
				GCC_WARN_64_TO_32_BIT_CONVERSION = YES;
				GCC_WARN_ABOUT_RETURN_TYPE = YES_ERROR;
				GCC_WARN_UNDECLARED_SELECTOR = YES;
				GCC_WARN_UNINITIALIZED_AUTOS = YES_AGGRESSIVE;
				GCC_WARN_UNUSED_FUNCTION = YES;
				GCC_WARN_UNUSED_VARIABLE = YES;
				IPHONEOS_DEPLOYMENT_TARGET = 8.0;
				MTL_ENABLE_DEBUG_INFO = NO;
				SDKROOT = iphoneos;
				TARGETED_DEVICE_FAMILY = "1,2";
				VALIDATE_PRODUCT = YES;
			};
			name = Release;
		};
		426735CB1DF50081008830DC /* Debug */ = {
			isa = XCBuildConfiguration;
			baseConfigurationReference = A4C876E5217F46E6E47639C5 /* Pods-iOSSizeClasses.debug.xcconfig */;
			buildSettings = {
				ASSETCATALOG_COMPILER_APPICON_NAME = AppIcon;
				CLANG_CXX_LANGUAGE_STANDARD = "c++0x";
				DEVELOPMENT_TEAM = 693F536PET;
				FRAMEWORK_SEARCH_PATHS = (
					"$(inherited)",
					"$(PROJECT_DIR)",
				);
				GCC_PREFIX_HEADER = iOSSizeClasses/PrefixHeader.pch;
				HEADER_SEARCH_PATHS = (
					"$(inherited)",
					"'${SRCROOT}/Pods/TensorFlow-experimental/Frameworks/tensorflow_experimental.framework/Headers'",
					"'${SRCROOT}/Pods/TensorFlow-experimental/Frameworks/tensorflow_experimental.framework/Headers/third_party/eigen3'",
					"\"${PODS_ROOT}/Headers/Public\"",
					"\"${PODS_ROOT}/Headers/Public/Masonry\"",
					"\"${PODS_ROOT}/Headers/Public/TensorFlow-experimental\"",
				);
				INFOPLIST_FILE = iOSSizeClasses/Info.plist;
				IPHONEOS_DEPLOYMENT_TARGET = 8.0;
				LD_RUNPATH_SEARCH_PATHS = "$(inherited) @executable_path/Frameworks";
				PRODUCT_BUNDLE_IDENTIFIER = org.imaginedays.rw;
				PRODUCT_NAME = "$(TARGET_NAME)";
			};
			name = Debug;
		};
		426735CC1DF50081008830DC /* Release */ = {
			isa = XCBuildConfiguration;
			baseConfigurationReference = D49C2D767A4ED4585B579A84 /* Pods-iOSSizeClasses.release.xcconfig */;
			buildSettings = {
				ASSETCATALOG_COMPILER_APPICON_NAME = AppIcon;
				CLANG_CXX_LANGUAGE_STANDARD = "c++0x";
				DEVELOPMENT_TEAM = 693F536PET;
				FRAMEWORK_SEARCH_PATHS = (
					"$(inherited)",
					"$(PROJECT_DIR)",
				);
				GCC_PREFIX_HEADER = iOSSizeClasses/PrefixHeader.pch;
				HEADER_SEARCH_PATHS = (
					"$(inherited)",
					"'${SRCROOT}/Pods/TensorFlow-experimental/Frameworks/tensorflow_experimental.framework/Headers'",
					"'${SRCROOT}/Pods/TensorFlow-experimental/Frameworks/tensorflow_experimental.framework/Headers/third_party/eigen3'",
					"\"${PODS_ROOT}/Headers/Public\"",
					"\"${PODS_ROOT}/Headers/Public/Masonry\"",
					"\"${PODS_ROOT}/Headers/Public/TensorFlow-experimental\"",
				);
				INFOPLIST_FILE = iOSSizeClasses/Info.plist;
				IPHONEOS_DEPLOYMENT_TARGET = 8.0;
				LD_RUNPATH_SEARCH_PATHS = "$(inherited) @executable_path/Frameworks";
				PRODUCT_BUNDLE_IDENTIFIER = org.imaginedays.rw;
				PRODUCT_NAME = "$(TARGET_NAME)";
			};
			name = Release;
		};
		426735CE1DF50081008830DC /* Debug */ = {
			isa = XCBuildConfiguration;
			buildSettings = {
				BUNDLE_LOADER = "$(TEST_HOST)";
				DEVELOPMENT_TEAM = 693F536PET;
				INFOPLIST_FILE = iOSSizeClassesTests/Info.plist;
				LD_RUNPATH_SEARCH_PATHS = "$(inherited) @executable_path/Frameworks @loader_path/Frameworks";
				PRODUCT_BUNDLE_IDENTIFIER = com.sample.iOSSizeClassesTests;
				PRODUCT_NAME = "$(TARGET_NAME)";
				TEST_HOST = "$(BUILT_PRODUCTS_DIR)/iOSSizeClasses.app/iOSSizeClasses";
			};
			name = Debug;
		};
		426735CF1DF50081008830DC /* Release */ = {
			isa = XCBuildConfiguration;
			buildSettings = {
				BUNDLE_LOADER = "$(TEST_HOST)";
				DEVELOPMENT_TEAM = 693F536PET;
				INFOPLIST_FILE = iOSSizeClassesTests/Info.plist;
				LD_RUNPATH_SEARCH_PATHS = "$(inherited) @executable_path/Frameworks @loader_path/Frameworks";
				PRODUCT_BUNDLE_IDENTIFIER = com.sample.iOSSizeClassesTests;
				PRODUCT_NAME = "$(TARGET_NAME)";
				TEST_HOST = "$(BUILT_PRODUCTS_DIR)/iOSSizeClasses.app/iOSSizeClasses";
			};
			name = Release;
		};
		426735D11DF50081008830DC /* Debug */ = {
			isa = XCBuildConfiguration;
			buildSettings = {
				DEVELOPMENT_TEAM = 693F536PET;
				INFOPLIST_FILE = iOSSizeClassesUITests/Info.plist;
				LD_RUNPATH_SEARCH_PATHS = "$(inherited) @executable_path/Frameworks @loader_path/Frameworks";
				PRODUCT_BUNDLE_IDENTIFIER = com.sample.iOSSizeClassesUITests;
				PRODUCT_NAME = "$(TARGET_NAME)";
				TEST_TARGET_NAME = iOSSizeClasses;
			};
			name = Debug;
		};
		426735D21DF50081008830DC /* Release */ = {
			isa = XCBuildConfiguration;
			buildSettings = {
				DEVELOPMENT_TEAM = 693F536PET;
				INFOPLIST_FILE = iOSSizeClassesUITests/Info.plist;
				LD_RUNPATH_SEARCH_PATHS = "$(inherited) @executable_path/Frameworks @loader_path/Frameworks";
				PRODUCT_BUNDLE_IDENTIFIER = com.sample.iOSSizeClassesUITests;
				PRODUCT_NAME = "$(TARGET_NAME)";
				TEST_TARGET_NAME = iOSSizeClasses;
			};
			name = Release;
		};
/* End XCBuildConfiguration section */

/* Begin XCConfigurationList section */
		426735981DF50081008830DC /* Build configuration list for PBXProject "iOSSizeClasses" */ = {
			isa = XCConfigurationList;
			buildConfigurations = (
				426735C81DF50081008830DC /* Debug */,
				426735C91DF50081008830DC /* Release */,
			);
			defaultConfigurationIsVisible = 0;
			defaultConfigurationName = Release;
		};
		426735CA1DF50081008830DC /* Build configuration list for PBXNativeTarget "iOSSizeClasses" */ = {
			isa = XCConfigurationList;
			buildConfigurations = (
				426735CB1DF50081008830DC /* Debug */,
				426735CC1DF50081008830DC /* Release */,
			);
			defaultConfigurationIsVisible = 0;
			defaultConfigurationName = Release;
		};
		426735CD1DF50081008830DC /* Build configuration list for PBXNativeTarget "iOSSizeClassesTests" */ = {
			isa = XCConfigurationList;
			buildConfigurations = (
				426735CE1DF50081008830DC /* Debug */,
				426735CF1DF50081008830DC /* Release */,
			);
			defaultConfigurationIsVisible = 0;
			defaultConfigurationName = Release;
		};
		426735D01DF50081008830DC /* Build configuration list for PBXNativeTarget "iOSSizeClassesUITests" */ = {
			isa = XCConfigurationList;
			buildConfigurations = (
				426735D11DF50081008830DC /* Debug */,
				426735D21DF50081008830DC /* Release */,
			);
			defaultConfigurationIsVisible = 0;
			defaultConfigurationName = Release;
		};
/* End XCConfigurationList section */
	};
	rootObject = 426735951DF50081008830DC /* Project object */;
}
